// !$*UTF8*$!
{
	archiveVersion = 1;
	classes = {
	};
	objectVersion = 55;
	objects = {

/* Begin PBXBuildFile section */
		4B566DA628CA15A2002728F4 /* AppDelegate.swift in Sources */ = {isa = PBXBuildFile; fileRef = 4B566DA528CA15A2002728F4 /* AppDelegate.swift */; };
		4B566DA828CA15A2002728F4 /* SceneDelegate.swift in Sources */ = {isa = PBXBuildFile; fileRef = 4B566DA728CA15A2002728F4 /* SceneDelegate.swift */; };
		4B566DAF28CA15A3002728F4 /* Assets.xcassets in Resources */ = {isa = PBXBuildFile; fileRef = 4B566DAE28CA15A3002728F4 /* Assets.xcassets */; };
		4B566DB228CA15A3002728F4 /* LaunchScreen.storyboard in Resources */ = {isa = PBXBuildFile; fileRef = 4B566DB028CA15A3002728F4 /* LaunchScreen.storyboard */; };
		4B566DBD28CA15A3002728F4 /* MainScreenViewModelTests.swift in Sources */ = {isa = PBXBuildFile; fileRef = 4B566DBC28CA15A3002728F4 /* MainScreenViewModelTests.swift */; };
		4B566DC728CA15A3002728F4 /* GhibliAPPUITests.swift in Sources */ = {isa = PBXBuildFile; fileRef = 4B566DC628CA15A3002728F4 /* GhibliAPPUITests.swift */; };
		4B566DC928CA15A3002728F4 /* GhibliAPPUITestsLaunchTests.swift in Sources */ = {isa = PBXBuildFile; fileRef = 4B566DC828CA15A3002728F4 /* GhibliAPPUITestsLaunchTests.swift */; };
		4B566DD728D49AEC002728F4 /* CardsView.swift in Sources */ = {isa = PBXBuildFile; fileRef = 4B566DD628D49AEC002728F4 /* CardsView.swift */; };
		53B206A028CB87EA004E805A /* APICall.swift in Sources */ = {isa = PBXBuildFile; fileRef = 53B2069F28CB87EA004E805A /* APICall.swift */; };
		D6A0923628D35DD10071F14E /* FilmModelTests.swift in Sources */ = {isa = PBXBuildFile; fileRef = D6A0923528D35DD10071F14E /* FilmModelTests.swift */; };
		DF56CE6E28CB6486007AFC43 /* FilmModel.swift in Sources */ = {isa = PBXBuildFile; fileRef = DF56CE6D28CB6486007AFC43 /* FilmModel.swift */; };
		DF6C4C9128CF6FFA0079BF54 /* MainScreenViewModel.swift in Sources */ = {isa = PBXBuildFile; fileRef = DF6C4C9028CF6FFA0079BF54 /* MainScreenViewModel.swift */; };
		DF6C4CA728CFA8A70079BF54 /* UrlEnum.swift in Sources */ = {isa = PBXBuildFile; fileRef = DF6C4CA628CFA8A70079BF54 /* UrlEnum.swift */; };
		DF6C4CAA28CFAD700079BF54 /* Sequence.swift in Sources */ = {isa = PBXBuildFile; fileRef = DF6C4CA928CFAD700079BF54 /* Sequence.swift */; };
		DF6C4CAC28D0BE510079BF54 /* GenreModel.swift in Sources */ = {isa = PBXBuildFile; fileRef = DF6C4CAB28D0BE510079BF54 /* GenreModel.swift */; };
		DFD507AB28CA2DD8003570A4 /* OnbordingViewController.swift in Sources */ = {isa = PBXBuildFile; fileRef = DFD507AA28CA2DD8003570A4 /* OnbordingViewController.swift */; };
/* End PBXBuildFile section */

/* Begin PBXContainerItemProxy section */
		4B566DB928CA15A3002728F4 /* PBXContainerItemProxy */ = {
			isa = PBXContainerItemProxy;
			containerPortal = 4B566D9A28CA15A2002728F4 /* Project object */;
			proxyType = 1;
			remoteGlobalIDString = 4B566DA128CA15A2002728F4;
			remoteInfo = GhibliAPP;
		};
		4B566DC328CA15A3002728F4 /* PBXContainerItemProxy */ = {
			isa = PBXContainerItemProxy;
			containerPortal = 4B566D9A28CA15A2002728F4 /* Project object */;
			proxyType = 1;
			remoteGlobalIDString = 4B566DA128CA15A2002728F4;
			remoteInfo = GhibliAPP;
		};
/* End PBXContainerItemProxy section */

/* Begin PBXFileReference section */
		4B566DA228CA15A2002728F4 /* GhibliAPP.app */ = {isa = PBXFileReference; explicitFileType = wrapper.application; includeInIndex = 0; path = GhibliAPP.app; sourceTree = BUILT_PRODUCTS_DIR; };
		4B566DA528CA15A2002728F4 /* AppDelegate.swift */ = {isa = PBXFileReference; lastKnownFileType = sourcecode.swift; path = AppDelegate.swift; sourceTree = "<group>"; };
		4B566DA728CA15A2002728F4 /* SceneDelegate.swift */ = {isa = PBXFileReference; lastKnownFileType = sourcecode.swift; path = SceneDelegate.swift; sourceTree = "<group>"; };
		4B566DAE28CA15A3002728F4 /* Assets.xcassets */ = {isa = PBXFileReference; lastKnownFileType = folder.assetcatalog; path = Assets.xcassets; sourceTree = "<group>"; };
		4B566DB128CA15A3002728F4 /* Base */ = {isa = PBXFileReference; lastKnownFileType = file.storyboard; name = Base; path = Base.lproj/LaunchScreen.storyboard; sourceTree = "<group>"; };
		4B566DB328CA15A3002728F4 /* Info.plist */ = {isa = PBXFileReference; lastKnownFileType = text.plist.xml; path = Info.plist; sourceTree = "<group>"; };
		4B566DB828CA15A3002728F4 /* GhibliAPPTests.xctest */ = {isa = PBXFileReference; explicitFileType = wrapper.cfbundle; includeInIndex = 0; path = GhibliAPPTests.xctest; sourceTree = BUILT_PRODUCTS_DIR; };
		4B566DBC28CA15A3002728F4 /* MainScreenViewModelTests.swift */ = {isa = PBXFileReference; lastKnownFileType = sourcecode.swift; path = MainScreenViewModelTests.swift; sourceTree = "<group>"; };
		4B566DC228CA15A3002728F4 /* GhibliAPPUITests.xctest */ = {isa = PBXFileReference; explicitFileType = wrapper.cfbundle; includeInIndex = 0; path = GhibliAPPUITests.xctest; sourceTree = BUILT_PRODUCTS_DIR; };
		4B566DC628CA15A3002728F4 /* GhibliAPPUITests.swift */ = {isa = PBXFileReference; lastKnownFileType = sourcecode.swift; path = GhibliAPPUITests.swift; sourceTree = "<group>"; };
		4B566DC828CA15A3002728F4 /* GhibliAPPUITestsLaunchTests.swift */ = {isa = PBXFileReference; lastKnownFileType = sourcecode.swift; path = GhibliAPPUITestsLaunchTests.swift; sourceTree = "<group>"; };
		4B566DD628D49AEC002728F4 /* CardsView.swift */ = {isa = PBXFileReference; lastKnownFileType = sourcecode.swift; path = CardsView.swift; sourceTree = "<group>"; };
		53B2069F28CB87EA004E805A /* APICall.swift */ = {isa = PBXFileReference; lastKnownFileType = sourcecode.swift; path = APICall.swift; sourceTree = "<group>"; };
		D6A0923528D35DD10071F14E /* FilmModelTests.swift */ = {isa = PBXFileReference; lastKnownFileType = sourcecode.swift; path = FilmModelTests.swift; sourceTree = "<group>"; };
		DF56CE6D28CB6486007AFC43 /* FilmModel.swift */ = {isa = PBXFileReference; lastKnownFileType = sourcecode.swift; path = FilmModel.swift; sourceTree = "<group>"; };
		DF6C4C9028CF6FFA0079BF54 /* MainScreenViewModel.swift */ = {isa = PBXFileReference; lastKnownFileType = sourcecode.swift; path = MainScreenViewModel.swift; sourceTree = "<group>"; };
		DF6C4CA628CFA8A70079BF54 /* UrlEnum.swift */ = {isa = PBXFileReference; lastKnownFileType = sourcecode.swift; path = UrlEnum.swift; sourceTree = "<group>"; };
		DF6C4CA928CFAD700079BF54 /* Sequence.swift */ = {isa = PBXFileReference; lastKnownFileType = sourcecode.swift; path = Sequence.swift; sourceTree = "<group>"; };
		DF6C4CAB28D0BE510079BF54 /* GenreModel.swift */ = {isa = PBXFileReference; lastKnownFileType = sourcecode.swift; path = GenreModel.swift; sourceTree = "<group>"; };
		DFD507AA28CA2DD8003570A4 /* OnbordingViewController.swift */ = {isa = PBXFileReference; lastKnownFileType = sourcecode.swift; path = OnbordingViewController.swift; sourceTree = "<group>"; };
/* End PBXFileReference section */

/* Begin PBXFrameworksBuildPhase section */
		4B566D9F28CA15A2002728F4 /* Frameworks */ = {
			isa = PBXFrameworksBuildPhase;
			buildActionMask = 2147483647;
			files = (
			);
			runOnlyForDeploymentPostprocessing = 0;
		};
		4B566DB528CA15A3002728F4 /* Frameworks */ = {
			isa = PBXFrameworksBuildPhase;
			buildActionMask = 2147483647;
			files = (
			);
			runOnlyForDeploymentPostprocessing = 0;
		};
		4B566DBF28CA15A3002728F4 /* Frameworks */ = {
			isa = PBXFrameworksBuildPhase;
			buildActionMask = 2147483647;
			files = (
			);
			runOnlyForDeploymentPostprocessing = 0;
		};
/* End PBXFrameworksBuildPhase section */

/* Begin PBXGroup section */
		4B566D9928CA15A2002728F4 = {
			isa = PBXGroup;
			children = (
				4B566DA428CA15A2002728F4 /* GhibliAPP */,
				4B566DBB28CA15A3002728F4 /* GhibliAPPTests */,
				4B566DC528CA15A3002728F4 /* GhibliAPPUITests */,
				4B566DA328CA15A2002728F4 /* Products */,
			);
			sourceTree = "<group>";
		};
		4B566DA328CA15A2002728F4 /* Products */ = {
			isa = PBXGroup;
			children = (
				4B566DA228CA15A2002728F4 /* GhibliAPP.app */,
				4B566DB828CA15A3002728F4 /* GhibliAPPTests.xctest */,
				4B566DC228CA15A3002728F4 /* GhibliAPPUITests.xctest */,
			);
			name = Products;
			sourceTree = "<group>";
		};
		4B566DA428CA15A2002728F4 /* GhibliAPP */ = {
			isa = PBXGroup;
			children = (
				DFD5079A28CA2631003570A4 /* Application */,
				DFD5079928CA25EE003570A4 /* Resource */,
				DFD5079828CA25E0003570A4 /* Source */,
				4B566DB328CA15A3002728F4 /* Info.plist */,
			);
			path = GhibliAPP;
			sourceTree = "<group>";
		};
		4B566DBB28CA15A3002728F4 /* GhibliAPPTests */ = {
			isa = PBXGroup;
			children = (
				D6A0923428D35D980071F14E /* Model */,
				DF27784828D276AF0036DF4A /* ViewModels */,
			);
			path = GhibliAPPTests;
			sourceTree = "<group>";
		};
		4B566DC528CA15A3002728F4 /* GhibliAPPUITests */ = {
			isa = PBXGroup;
			children = (
				4B566DC628CA15A3002728F4 /* GhibliAPPUITests.swift */,
				4B566DC828CA15A3002728F4 /* GhibliAPPUITestsLaunchTests.swift */,
			);
			path = GhibliAPPUITests;
			sourceTree = "<group>";
		};
		4B566DD528D49A5B002728F4 /* View */ = {
			isa = PBXGroup;
			children = (
				4B566DD628D49AEC002728F4 /* CardsView.swift */,
			);
			path = View;
			sourceTree = "<group>";
		};
		53B2069E28CB8799004E805A /* Service */ = {
			isa = PBXGroup;
			children = (
				53B2069F28CB87EA004E805A /* APICall.swift */,
			);
			path = Service;
			sourceTree = "<group>";
		};
		D6A0923428D35D980071F14E /* Model */ = {
			isa = PBXGroup;
			children = (
				D6A0923528D35DD10071F14E /* FilmModelTests.swift */,
			);
			path = Model;
			sourceTree = "<group>";
		};
		DF27784828D276AF0036DF4A /* ViewModels */ = {
			isa = PBXGroup;
			children = (
				4B566DBC28CA15A3002728F4 /* MainScreenViewModelTests.swift */,
			);
			path = ViewModels;
			sourceTree = "<group>";
		};
		DF6C4C8E28CF6FBC0079BF54 /* MainScreen */ = {
			isa = PBXGroup;
			children = (
				4B566DD528D49A5B002728F4 /* View */,
				DF6C4C8F28CF6FD30079BF54 /* ViewModel */,
			);
			path = MainScreen;
			sourceTree = "<group>";
		};
		DF6C4C8F28CF6FD30079BF54 /* ViewModel */ = {
			isa = PBXGroup;
			children = (
				DF6C4C9028CF6FFA0079BF54 /* MainScreenViewModel.swift */,
			);
			path = ViewModel;
			sourceTree = "<group>";
		};
		DF6C4CA528CFA8900079BF54 /* Enums */ = {
			isa = PBXGroup;
			children = (
				DF6C4CA628CFA8A70079BF54 /* UrlEnum.swift */,
			);
			path = Enums;
			sourceTree = "<group>";
		};
		DF6C4CA828CFAD5E0079BF54 /* Extensions */ = {
			isa = PBXGroup;
			children = (
				DF6C4CA928CFAD700079BF54 /* Sequence.swift */,
			);
			path = Extensions;
			sourceTree = "<group>";
		};
		DFD5079828CA25E0003570A4 /* Source */ = {
			isa = PBXGroup;
			children = (
				53B2069E28CB8799004E805A /* Service */,
				DF6C4CA828CFAD5E0079BF54 /* Extensions */,
				DF6C4CA528CFA8900079BF54 /* Enums */,
				DFD507A528CA29DA003570A4 /* Model */,
				DF6C4C8E28CF6FBC0079BF54 /* MainScreen */,
				DFD5079F28CA297B003570A4 /* Onboarding */,
			);
			path = Source;
			sourceTree = "<group>";
		};
		DFD5079928CA25EE003570A4 /* Resource */ = {
			isa = PBXGroup;
			children = (
				4B566DAE28CA15A3002728F4 /* Assets.xcassets */,
			);
			path = Resource;
			sourceTree = "<group>";
		};
		DFD5079A28CA2631003570A4 /* Application */ = {
			isa = PBXGroup;
			children = (
				4B566DB028CA15A3002728F4 /* LaunchScreen.storyboard */,
				4B566DA528CA15A2002728F4 /* AppDelegate.swift */,
				4B566DA728CA15A2002728F4 /* SceneDelegate.swift */,
			);
			path = Application;
			sourceTree = "<group>";
		};
		DFD5079F28CA297B003570A4 /* Onboarding */ = {
			isa = PBXGroup;
			children = (
				DFD507A028CA2988003570A4 /* View */,
			);
			path = Onboarding;
			sourceTree = "<group>";
		};
		DFD507A028CA2988003570A4 /* View */ = {
			isa = PBXGroup;
			children = (
				DFD507AA28CA2DD8003570A4 /* OnbordingViewController.swift */,
			);
			path = View;
			sourceTree = "<group>";
		};
		DFD507A528CA29DA003570A4 /* Model */ = {
			isa = PBXGroup;
			children = (
				DF56CE6D28CB6486007AFC43 /* FilmModel.swift */,
				DF6C4CAB28D0BE510079BF54 /* GenreModel.swift */,
			);
			path = Model;
			sourceTree = "<group>";
		};
/* End PBXGroup section */

/* Begin PBXNativeTarget section */
		4B566DA128CA15A2002728F4 /* GhibliAPP */ = {
			isa = PBXNativeTarget;
			buildConfigurationList = 4B566DCC28CA15A3002728F4 /* Build configuration list for PBXNativeTarget "GhibliAPP" */;
			buildPhases = (
				4B566D9E28CA15A2002728F4 /* Sources */,
				4B566D9F28CA15A2002728F4 /* Frameworks */,
				4B566DA028CA15A2002728F4 /* Resources */,
				DFD507AC28CA3034003570A4 /* ShellScript */,
			);
			buildRules = (
			);
			dependencies = (
			);
			name = GhibliAPP;
			productName = GhibliAPP;
			productReference = 4B566DA228CA15A2002728F4 /* GhibliAPP.app */;
			productType = "com.apple.product-type.application";
		};
		4B566DB728CA15A3002728F4 /* GhibliAPPTests */ = {
			isa = PBXNativeTarget;
			buildConfigurationList = 4B566DCF28CA15A3002728F4 /* Build configuration list for PBXNativeTarget "GhibliAPPTests" */;
			buildPhases = (
				4B566DB428CA15A3002728F4 /* Sources */,
				4B566DB528CA15A3002728F4 /* Frameworks */,
				4B566DB628CA15A3002728F4 /* Resources */,
			);
			buildRules = (
			);
			dependencies = (
				4B566DBA28CA15A3002728F4 /* PBXTargetDependency */,
			);
			name = GhibliAPPTests;
			productName = GhibliAPPTests;
			productReference = 4B566DB828CA15A3002728F4 /* GhibliAPPTests.xctest */;
			productType = "com.apple.product-type.bundle.unit-test";
		};
		4B566DC128CA15A3002728F4 /* GhibliAPPUITests */ = {
			isa = PBXNativeTarget;
			buildConfigurationList = 4B566DD228CA15A3002728F4 /* Build configuration list for PBXNativeTarget "GhibliAPPUITests" */;
			buildPhases = (
				4B566DBE28CA15A3002728F4 /* Sources */,
				4B566DBF28CA15A3002728F4 /* Frameworks */,
				4B566DC028CA15A3002728F4 /* Resources */,
			);
			buildRules = (
			);
			dependencies = (
				4B566DC428CA15A3002728F4 /* PBXTargetDependency */,
			);
			name = GhibliAPPUITests;
			productName = GhibliAPPUITests;
			productReference = 4B566DC228CA15A3002728F4 /* GhibliAPPUITests.xctest */;
			productType = "com.apple.product-type.bundle.ui-testing";
		};
/* End PBXNativeTarget section */

/* Begin PBXProject section */
		4B566D9A28CA15A2002728F4 /* Project object */ = {
			isa = PBXProject;
			attributes = {
				BuildIndependentTargetsInParallel = 1;
				LastSwiftUpdateCheck = 1340;
				LastUpgradeCheck = 1340;
				TargetAttributes = {
					4B566DA128CA15A2002728F4 = {
						CreatedOnToolsVersion = 13.4;
					};
					4B566DB728CA15A3002728F4 = {
						CreatedOnToolsVersion = 13.4;
						TestTargetID = 4B566DA128CA15A2002728F4;
					};
					4B566DC128CA15A3002728F4 = {
						CreatedOnToolsVersion = 13.4;
						TestTargetID = 4B566DA128CA15A2002728F4;
					};
				};
			};
			buildConfigurationList = 4B566D9D28CA15A2002728F4 /* Build configuration list for PBXProject "GhibliAPP" */;
			compatibilityVersion = "Xcode 13.0";
			developmentRegion = en;
			hasScannedForEncodings = 0;
			knownRegions = (
				en,
				Base,
			);
			mainGroup = 4B566D9928CA15A2002728F4;
			productRefGroup = 4B566DA328CA15A2002728F4 /* Products */;
			projectDirPath = "";
			projectRoot = "";
			targets = (
				4B566DA128CA15A2002728F4 /* GhibliAPP */,
				4B566DB728CA15A3002728F4 /* GhibliAPPTests */,
				4B566DC128CA15A3002728F4 /* GhibliAPPUITests */,
			);
		};
/* End PBXProject section */

/* Begin PBXResourcesBuildPhase section */
		4B566DA028CA15A2002728F4 /* Resources */ = {
			isa = PBXResourcesBuildPhase;
			buildActionMask = 2147483647;
			files = (
				4B566DB228CA15A3002728F4 /* LaunchScreen.storyboard in Resources */,
				4B566DAF28CA15A3002728F4 /* Assets.xcassets in Resources */,
			);
			runOnlyForDeploymentPostprocessing = 0;
		};
		4B566DB628CA15A3002728F4 /* Resources */ = {
			isa = PBXResourcesBuildPhase;
			buildActionMask = 2147483647;
			files = (
			);
			runOnlyForDeploymentPostprocessing = 0;
		};
		4B566DC028CA15A3002728F4 /* Resources */ = {
			isa = PBXResourcesBuildPhase;
			buildActionMask = 2147483647;
			files = (
			);
			runOnlyForDeploymentPostprocessing = 0;
		};
/* End PBXResourcesBuildPhase section */

/* Begin PBXShellScriptBuildPhase section */
		DFD507AC28CA3034003570A4 /* ShellScript */ = {
			isa = PBXShellScriptBuildPhase;
			buildActionMask = 2147483647;
			files = (
			);
			inputFileListPaths = (
			);
			inputPaths = (
			);
			outputFileListPaths = (
			);
			outputPaths = (
			);
			runOnlyForDeploymentPostprocessing = 0;
			shellPath = /bin/sh;
			shellScript = "# Type a script or drag a script file from your workspace to insert its path.\nexport PATH=\"$PATH:/opt/homebrew/bin\"\nif which swiftlint > /dev/null; then\n  swiftlint\nelse\n  echo \"warning: SwiftLint not installed, download from https://github.com/realm/SwiftLint\"\nfi\n";
		};
/* End PBXShellScriptBuildPhase section */

/* Begin PBXSourcesBuildPhase section */
		4B566D9E28CA15A2002728F4 /* Sources */ = {
			isa = PBXSourcesBuildPhase;
			buildActionMask = 2147483647;
			files = (
				DF6C4CA728CFA8A70079BF54 /* UrlEnum.swift in Sources */,
				DFD507AB28CA2DD8003570A4 /* OnbordingViewController.swift in Sources */,
				DF6C4CAA28CFAD700079BF54 /* Sequence.swift in Sources */,
				DF6C4CAC28D0BE510079BF54 /* GenreModel.swift in Sources */,
				4B566DA628CA15A2002728F4 /* AppDelegate.swift in Sources */,
				53B206A028CB87EA004E805A /* APICall.swift in Sources */,
				4B566DD728D49AEC002728F4 /* CardsView.swift in Sources */,
				4B566DA828CA15A2002728F4 /* SceneDelegate.swift in Sources */,
				DF56CE6E28CB6486007AFC43 /* FilmModel.swift in Sources */,
				DF6C4C9128CF6FFA0079BF54 /* MainScreenViewModel.swift in Sources */,
			);
			runOnlyForDeploymentPostprocessing = 0;
		};
		4B566DB428CA15A3002728F4 /* Sources */ = {
			isa = PBXSourcesBuildPhase;
			buildActionMask = 2147483647;
			files = (
				4B566DBD28CA15A3002728F4 /* MainScreenViewModelTests.swift in Sources */,
				D6A0923628D35DD10071F14E /* FilmModelTests.swift in Sources */,
			);
			runOnlyForDeploymentPostprocessing = 0;
		};
		4B566DBE28CA15A3002728F4 /* Sources */ = {
			isa = PBXSourcesBuildPhase;
			buildActionMask = 2147483647;
			files = (
				4B566DC728CA15A3002728F4 /* GhibliAPPUITests.swift in Sources */,
				4B566DC928CA15A3002728F4 /* GhibliAPPUITestsLaunchTests.swift in Sources */,
			);
			runOnlyForDeploymentPostprocessing = 0;
		};
/* End PBXSourcesBuildPhase section */

/* Begin PBXTargetDependency section */
		4B566DBA28CA15A3002728F4 /* PBXTargetDependency */ = {
			isa = PBXTargetDependency;
			target = 4B566DA128CA15A2002728F4 /* GhibliAPP */;
			targetProxy = 4B566DB928CA15A3002728F4 /* PBXContainerItemProxy */;
		};
		4B566DC428CA15A3002728F4 /* PBXTargetDependency */ = {
			isa = PBXTargetDependency;
			target = 4B566DA128CA15A2002728F4 /* GhibliAPP */;
			targetProxy = 4B566DC328CA15A3002728F4 /* PBXContainerItemProxy */;
		};
/* End PBXTargetDependency section */

/* Begin PBXVariantGroup section */
		4B566DB028CA15A3002728F4 /* LaunchScreen.storyboard */ = {
			isa = PBXVariantGroup;
			children = (
				4B566DB128CA15A3002728F4 /* Base */,
			);
			name = LaunchScreen.storyboard;
			sourceTree = "<group>";
		};
/* End PBXVariantGroup section */

/* Begin XCBuildConfiguration section */
		4B566DCA28CA15A3002728F4 /* Debug */ = {
			isa = XCBuildConfiguration;
			buildSettings = {
				ALWAYS_SEARCH_USER_PATHS = NO;
				CLANG_ANALYZER_NONNULL = YES;
				CLANG_ANALYZER_NUMBER_OBJECT_CONVERSION = YES_AGGRESSIVE;
				CLANG_CXX_LANGUAGE_STANDARD = "gnu++17";
				CLANG_ENABLE_MODULES = YES;
				CLANG_ENABLE_OBJC_ARC = YES;
				CLANG_ENABLE_OBJC_WEAK = YES;
				CLANG_WARN_BLOCK_CAPTURE_AUTORELEASING = YES;
				CLANG_WARN_BOOL_CONVERSION = YES;
				CLANG_WARN_COMMA = YES;
				CLANG_WARN_CONSTANT_CONVERSION = YES;
				CLANG_WARN_DEPRECATED_OBJC_IMPLEMENTATIONS = YES;
				CLANG_WARN_DIRECT_OBJC_ISA_USAGE = YES_ERROR;
				CLANG_WARN_DOCUMENTATION_COMMENTS = YES;
				CLANG_WARN_EMPTY_BODY = YES;
				CLANG_WARN_ENUM_CONVERSION = YES;
				CLANG_WARN_INFINITE_RECURSION = YES;
				CLANG_WARN_INT_CONVERSION = YES;
				CLANG_WARN_NON_LITERAL_NULL_CONVERSION = YES;
				CLANG_WARN_OBJC_IMPLICIT_RETAIN_SELF = YES;
				CLANG_WARN_OBJC_LITERAL_CONVERSION = YES;
				CLANG_WARN_OBJC_ROOT_CLASS = YES_ERROR;
				CLANG_WARN_QUOTED_INCLUDE_IN_FRAMEWORK_HEADER = YES;
				CLANG_WARN_RANGE_LOOP_ANALYSIS = YES;
				CLANG_WARN_STRICT_PROTOTYPES = YES;
				CLANG_WARN_SUSPICIOUS_MOVE = YES;
				CLANG_WARN_UNGUARDED_AVAILABILITY = YES_AGGRESSIVE;
				CLANG_WARN_UNREACHABLE_CODE = YES;
				CLANG_WARN__DUPLICATE_METHOD_MATCH = YES;
				COPY_PHASE_STRIP = NO;
				DEBUG_INFORMATION_FORMAT = dwarf;
				ENABLE_STRICT_OBJC_MSGSEND = YES;
				ENABLE_TESTABILITY = YES;
				GCC_C_LANGUAGE_STANDARD = gnu11;
				GCC_DYNAMIC_NO_PIC = NO;
				GCC_NO_COMMON_BLOCKS = YES;
				GCC_OPTIMIZATION_LEVEL = 0;
				GCC_PREPROCESSOR_DEFINITIONS = (
					"DEBUG=1",
					"$(inherited)",
				);
				GCC_WARN_64_TO_32_BIT_CONVERSION = YES;
				GCC_WARN_ABOUT_RETURN_TYPE = YES_ERROR;
				GCC_WARN_UNDECLARED_SELECTOR = YES;
				GCC_WARN_UNINITIALIZED_AUTOS = YES_AGGRESSIVE;
				GCC_WARN_UNUSED_FUNCTION = YES;
				GCC_WARN_UNUSED_VARIABLE = YES;
				IPHONEOS_DEPLOYMENT_TARGET = 15.5;
				MTL_ENABLE_DEBUG_INFO = INCLUDE_SOURCE;
				MTL_FAST_MATH = YES;
				ONLY_ACTIVE_ARCH = YES;
				SDKROOT = iphoneos;
				SWIFT_ACTIVE_COMPILATION_CONDITIONS = DEBUG;
				SWIFT_OPTIMIZATION_LEVEL = "-Onone";
			};
			name = Debug;
		};
		4B566DCB28CA15A3002728F4 /* Release */ = {
			isa = XCBuildConfiguration;
			buildSettings = {
				ALWAYS_SEARCH_USER_PATHS = NO;
				CLANG_ANALYZER_NONNULL = YES;
				CLANG_ANALYZER_NUMBER_OBJECT_CONVERSION = YES_AGGRESSIVE;
				CLANG_CXX_LANGUAGE_STANDARD = "gnu++17";
				CLANG_ENABLE_MODULES = YES;
				CLANG_ENABLE_OBJC_ARC = YES;
				CLANG_ENABLE_OBJC_WEAK = YES;
				CLANG_WARN_BLOCK_CAPTURE_AUTORELEASING = YES;
				CLANG_WARN_BOOL_CONVERSION = YES;
				CLANG_WARN_COMMA = YES;
				CLANG_WARN_CONSTANT_CONVERSION = YES;
				CLANG_WARN_DEPRECATED_OBJC_IMPLEMENTATIONS = YES;
				CLANG_WARN_DIRECT_OBJC_ISA_USAGE = YES_ERROR;
				CLANG_WARN_DOCUMENTATION_COMMENTS = YES;
				CLANG_WARN_EMPTY_BODY = YES;
				CLANG_WARN_ENUM_CONVERSION = YES;
				CLANG_WARN_INFINITE_RECURSION = YES;
				CLANG_WARN_INT_CONVERSION = YES;
				CLANG_WARN_NON_LITERAL_NULL_CONVERSION = YES;
				CLANG_WARN_OBJC_IMPLICIT_RETAIN_SELF = YES;
				CLANG_WARN_OBJC_LITERAL_CONVERSION = YES;
				CLANG_WARN_OBJC_ROOT_CLASS = YES_ERROR;
				CLANG_WARN_QUOTED_INCLUDE_IN_FRAMEWORK_HEADER = YES;
				CLANG_WARN_RANGE_LOOP_ANALYSIS = YES;
				CLANG_WARN_STRICT_PROTOTYPES = YES;
				CLANG_WARN_SUSPICIOUS_MOVE = YES;
				CLANG_WARN_UNGUARDED_AVAILABILITY = YES_AGGRESSIVE;
				CLANG_WARN_UNREACHABLE_CODE = YES;
				CLANG_WARN__DUPLICATE_METHOD_MATCH = YES;
				COPY_PHASE_STRIP = NO;
				DEBUG_INFORMATION_FORMAT = "dwarf-with-dsym";
				ENABLE_NS_ASSERTIONS = NO;
				ENABLE_STRICT_OBJC_MSGSEND = YES;
				GCC_C_LANGUAGE_STANDARD = gnu11;
				GCC_NO_COMMON_BLOCKS = YES;
				GCC_WARN_64_TO_32_BIT_CONVERSION = YES;
				GCC_WARN_ABOUT_RETURN_TYPE = YES_ERROR;
				GCC_WARN_UNDECLARED_SELECTOR = YES;
				GCC_WARN_UNINITIALIZED_AUTOS = YES_AGGRESSIVE;
				GCC_WARN_UNUSED_FUNCTION = YES;
				GCC_WARN_UNUSED_VARIABLE = YES;
				IPHONEOS_DEPLOYMENT_TARGET = 15.5;
				MTL_ENABLE_DEBUG_INFO = NO;
				MTL_FAST_MATH = YES;
				SDKROOT = iphoneos;
				SWIFT_COMPILATION_MODE = wholemodule;
				SWIFT_OPTIMIZATION_LEVEL = "-O";
				VALIDATE_PRODUCT = YES;
			};
			name = Release;
		};
		4B566DCD28CA15A3002728F4 /* Debug */ = {
			isa = XCBuildConfiguration;
			buildSettings = {
				ASSETCATALOG_COMPILER_APPICON_NAME = AppIcon;
				ASSETCATALOG_COMPILER_GLOBAL_ACCENT_COLOR_NAME = AccentColor;
				CODE_SIGN_IDENTITY = "Apple Development";
				CODE_SIGN_STYLE = Automatic;
				CURRENT_PROJECT_VERSION = 1;
				DEVELOPMENT_TEAM = 3PC4MSN8T7;
				GENERATE_INFOPLIST_FILE = YES;
				INFOPLIST_FILE = GhibliAPP/Info.plist;
				INFOPLIST_KEY_UIApplicationSupportsIndirectInputEvents = YES;
				INFOPLIST_KEY_UILaunchStoryboardName = LaunchScreen;
				INFOPLIST_KEY_UISupportedInterfaceOrientations_iPad = "UIInterfaceOrientationPortrait UIInterfaceOrientationPortraitUpsideDown UIInterfaceOrientationLandscapeLeft UIInterfaceOrientationLandscapeRight";
				INFOPLIST_KEY_UISupportedInterfaceOrientations_iPhone = "UIInterfaceOrientationPortrait UIInterfaceOrientationLandscapeLeft UIInterfaceOrientationLandscapeRight";
				LD_RUNPATH_SEARCH_PATHS = (
					"$(inherited)",
					"@executable_path/Frameworks",
				);
				MARKETING_VERSION = 1.0;
				PRODUCT_BUNDLE_IDENTIFIER = br.com.stephanegirao.GhibliAPP;
				PRODUCT_NAME = "$(TARGET_NAME)";
				PROVISIONING_PROFILE_SPECIFIER = "";
				SWIFT_EMIT_LOC_STRINGS = YES;
				SWIFT_VERSION = 5.0;
				TARGETED_DEVICE_FAMILY = "1,2";
			};
			name = Debug;
		};
		4B566DCE28CA15A3002728F4 /* Release */ = {
			isa = XCBuildConfiguration;
			buildSettings = {
				ASSETCATALOG_COMPILER_APPICON_NAME = AppIcon;
				ASSETCATALOG_COMPILER_GLOBAL_ACCENT_COLOR_NAME = AccentColor;
				CODE_SIGN_IDENTITY = "Apple Development";
				CODE_SIGN_STYLE = Automatic;
				CURRENT_PROJECT_VERSION = 1;
				DEVELOPMENT_TEAM = 3PC4MSN8T7;
				GENERATE_INFOPLIST_FILE = YES;
				INFOPLIST_FILE = GhibliAPP/Info.plist;
				INFOPLIST_KEY_UIApplicationSupportsIndirectInputEvents = YES;
				INFOPLIST_KEY_UILaunchStoryboardName = LaunchScreen;
				INFOPLIST_KEY_UISupportedInterfaceOrientations_iPad = "UIInterfaceOrientationPortrait UIInterfaceOrientationPortraitUpsideDown UIInterfaceOrientationLandscapeLeft UIInterfaceOrientationLandscapeRight";
				INFOPLIST_KEY_UISupportedInterfaceOrientations_iPhone = "UIInterfaceOrientationPortrait UIInterfaceOrientationLandscapeLeft UIInterfaceOrientationLandscapeRight";
				LD_RUNPATH_SEARCH_PATHS = (
					"$(inherited)",
					"@executable_path/Frameworks",
				);
				MARKETING_VERSION = 1.0;
				PRODUCT_BUNDLE_IDENTIFIER = br.com.stephanegirao.GhibliAPP;
				PRODUCT_NAME = "$(TARGET_NAME)";
				PROVISIONING_PROFILE_SPECIFIER = "";
				SWIFT_EMIT_LOC_STRINGS = YES;
				SWIFT_VERSION = 5.0;
				TARGETED_DEVICE_FAMILY = "1,2";
			};
			name = Release;
		};
		4B566DD028CA15A3002728F4 /* Debug */ = {
			isa = XCBuildConfiguration;
			buildSettings = {
				ALWAYS_EMBED_SWIFT_STANDARD_LIBRARIES = YES;
				BUNDLE_LOADER = "$(TEST_HOST)";
				CODE_SIGN_STYLE = Automatic;
				CURRENT_PROJECT_VERSION = 1;
				DEVELOPMENT_TEAM = 3PC4MSN8T7;
				GENERATE_INFOPLIST_FILE = YES;
				IPHONEOS_DEPLOYMENT_TARGET = 15.5;
				MARKETING_VERSION = 1.0;
				PRODUCT_BUNDLE_IDENTIFIER = br.com.stephanegirao.GhibliAPPTests;
				PRODUCT_NAME = "$(TARGET_NAME)";
				SWIFT_EMIT_LOC_STRINGS = NO;
				SWIFT_VERSION = 5.0;
				TARGETED_DEVICE_FAMILY = "1,2";
				TEST_HOST = "$(BUILT_PRODUCTS_DIR)/GhibliAPP.app/GhibliAPP";
			};
			name = Debug;
		};
		4B566DD128CA15A3002728F4 /* Release */ = {
			isa = XCBuildConfiguration;
			buildSettings = {
				ALWAYS_EMBED_SWIFT_STANDARD_LIBRARIES = YES;
				BUNDLE_LOADER = "$(TEST_HOST)";
				CODE_SIGN_STYLE = Automatic;
				CURRENT_PROJECT_VERSION = 1;
				DEVELOPMENT_TEAM = 3PC4MSN8T7;
				GENERATE_INFOPLIST_FILE = YES;
				IPHONEOS_DEPLOYMENT_TARGET = 15.5;
				MARKETING_VERSION = 1.0;
				PRODUCT_BUNDLE_IDENTIFIER = br.com.stephanegirao.GhibliAPPTests;
				PRODUCT_NAME = "$(TARGET_NAME)";
				SWIFT_EMIT_LOC_STRINGS = NO;
				SWIFT_VERSION = 5.0;
				TARGETED_DEVICE_FAMILY = "1,2";
				TEST_HOST = "$(BUILT_PRODUCTS_DIR)/GhibliAPP.app/GhibliAPP";
			};
			name = Release;
		};
		4B566DD328CA15A3002728F4 /* Debug */ = {
			isa = XCBuildConfiguration;
			buildSettings = {
				ALWAYS_EMBED_SWIFT_STANDARD_LIBRARIES = YES;
				CODE_SIGN_STYLE = Automatic;
				CURRENT_PROJECT_VERSION = 1;
				DEVELOPMENT_TEAM = 3PC4MSN8T7;
				GENERATE_INFOPLIST_FILE = YES;
				MARKETING_VERSION = 1.0;
				PRODUCT_BUNDLE_IDENTIFIER = br.com.stephanegirao.GhibliAPPUITests;
				PRODUCT_NAME = "$(TARGET_NAME)";
				SWIFT_EMIT_LOC_STRINGS = NO;
				SWIFT_VERSION = 5.0;
				TARGETED_DEVICE_FAMILY = "1,2";
				TEST_TARGET_NAME = GhibliAPP;
			};
			name = Debug;
		};
		4B566DD428CA15A3002728F4 /* Release */ = {
			isa = XCBuildConfiguration;
			buildSettings = {
				ALWAYS_EMBED_SWIFT_STANDARD_LIBRARIES = YES;
				CODE_SIGN_STYLE = Automatic;
				CURRENT_PROJECT_VERSION = 1;
				DEVELOPMENT_TEAM = 3PC4MSN8T7;
				GENERATE_INFOPLIST_FILE = YES;
				MARKETING_VERSION = 1.0;
				PRODUCT_BUNDLE_IDENTIFIER = br.com.stephanegirao.GhibliAPPUITests;
				PRODUCT_NAME = "$(TARGET_NAME)";
				SWIFT_EMIT_LOC_STRINGS = NO;
				SWIFT_VERSION = 5.0;
				TARGETED_DEVICE_FAMILY = "1,2";
				TEST_TARGET_NAME = GhibliAPP;
			};
			name = Release;
		};
/* End XCBuildConfiguration section */

/* Begin XCConfigurationList section */
		4B566D9D28CA15A2002728F4 /* Build configuration list for PBXProject "GhibliAPP" */ = {
			isa = XCConfigurationList;
			buildConfigurations = (
				4B566DCA28CA15A3002728F4 /* Debug */,
				4B566DCB28CA15A3002728F4 /* Release */,
			);
			defaultConfigurationIsVisible = 0;
			defaultConfigurationName = Release;
		};
		4B566DCC28CA15A3002728F4 /* Build configuration list for PBXNativeTarget "GhibliAPP" */ = {
			isa = XCConfigurationList;
			buildConfigurations = (
				4B566DCD28CA15A3002728F4 /* Debug */,
				4B566DCE28CA15A3002728F4 /* Release */,
			);
			defaultConfigurationIsVisible = 0;
			defaultConfigurationName = Release;
		};
		4B566DCF28CA15A3002728F4 /* Build configuration list for PBXNativeTarget "GhibliAPPTests" */ = {
			isa = XCConfigurationList;
			buildConfigurations = (
				4B566DD028CA15A3002728F4 /* Debug */,
				4B566DD128CA15A3002728F4 /* Release */,
			);
			defaultConfigurationIsVisible = 0;
			defaultConfigurationName = Release;
		};
		4B566DD228CA15A3002728F4 /* Build configuration list for PBXNativeTarget "GhibliAPPUITests" */ = {
			isa = XCConfigurationList;
			buildConfigurations = (
				4B566DD328CA15A3002728F4 /* Debug */,
				4B566DD428CA15A3002728F4 /* Release */,
			);
			defaultConfigurationIsVisible = 0;
			defaultConfigurationName = Release;
		};
/* End XCConfigurationList section */
	};
	rootObject = 4B566D9A28CA15A2002728F4 /* Project object */;
}
