// !$*UTF8*$!
{
	archiveVersion = 1;
	classes = {
	};
	objectVersion = 56;
	objects = {

/* Begin PBXBuildFile section */
		4BE10E6A28E47A040023104E /* FilmOverviewController.swift in Sources */ = {isa = PBXBuildFile; fileRef = 4BE10E6928E47A040023104E /* FilmOverviewController.swift */; };
		4BE10E6F28E47AE20023104E /* BackgroundView.swift in Sources */ = {isa = PBXBuildFile; fileRef = 4BE10E6C28E47AE20023104E /* BackgroundView.swift */; };
		4BE10E7028E47AE20023104E /* BackdropPathView.swift in Sources */ = {isa = PBXBuildFile; fileRef = 4BE10E6D28E47AE20023104E /* BackdropPathView.swift */; };
		4BE10E7128E47AE20023104E /* DescriptionFilmView.swift in Sources */ = {isa = PBXBuildFile; fileRef = 4BE10E6E28E47AE20023104E /* DescriptionFilmView.swift */; };
		4BE10E7328E5E7300023104E /* PosterPathView.swift in Sources */ = {isa = PBXBuildFile; fileRef = 4BE10E7228E5E7300023104E /* PosterPathView.swift */; };
		CE37D33D28F0E963002F68FB /* OnboarginModel.swift in Sources */ = {isa = PBXBuildFile; fileRef = CE37D33C28F0E963002F68FB /* OnboarginModel.swift */; };
		CE37D34028F0E9A2002F68FB /* OnboardingFactory.swift in Sources */ = {isa = PBXBuildFile; fileRef = CE37D33F28F0E9A2002F68FB /* OnboardingFactory.swift */; };
		CE37D34328F0ECB7002F68FB /* UserDefaultsHelper.swift in Sources */ = {isa = PBXBuildFile; fileRef = CE37D34228F0ECB7002F68FB /* UserDefaultsHelper.swift */; };
		CE37D34528F11A8E002F68FB /* OnboardingViewModelTests.swift in Sources */ = {isa = PBXBuildFile; fileRef = CE37D34428F11A8E002F68FB /* OnboardingViewModelTests.swift */; };
		CEA415D028F53734001705BC /* Lottie in Frameworks */ = {isa = PBXBuildFile; productRef = CEA415CF28F53734001705BC /* Lottie */; };
		DF287A9528E45F3E00EF9333 /* LaunchScreen.storyboard in Resources */ = {isa = PBXBuildFile; fileRef = DF287A9328E45F3E00EF9333 /* LaunchScreen.storyboard */; };
		DF287ABF28E4645400EF9333 /* Assets.xcassets in Resources */ = {isa = PBXBuildFile; fileRef = DF287ABE28E4645400EF9333 /* Assets.xcassets */; };
		DF287AC628E465CE00EF9333 /* SceneDelegate.swift in Sources */ = {isa = PBXBuildFile; fileRef = DF287AC428E465CE00EF9333 /* SceneDelegate.swift */; };
		DF287AC728E465CE00EF9333 /* AppDelegate.swift in Sources */ = {isa = PBXBuildFile; fileRef = DF287AC528E465CE00EF9333 /* AppDelegate.swift */; };
		DF287AD428E4669000EF9333 /* UrlEnum.swift in Sources */ = {isa = PBXBuildFile; fileRef = DF287AD228E4669000EF9333 /* UrlEnum.swift */; };
		DF287AD528E4669000EF9333 /* TableState.swift in Sources */ = {isa = PBXBuildFile; fileRef = DF287AD328E4669000EF9333 /* TableState.swift */; };
		DF287ADA28E4669B00EF9333 /* UIImageView.swift in Sources */ = {isa = PBXBuildFile; fileRef = DF287AD628E4669B00EF9333 /* UIImageView.swift */; };
		DF287ADB28E4669B00EF9333 /* Array.swift in Sources */ = {isa = PBXBuildFile; fileRef = DF287AD728E4669B00EF9333 /* Array.swift */; };
		DF287ADC28E4669B00EF9333 /* UIScrollView.swift in Sources */ = {isa = PBXBuildFile; fileRef = DF287AD828E4669B00EF9333 /* UIScrollView.swift */; };
		DF287ADD28E4669B00EF9333 /* Sequence.swift in Sources */ = {isa = PBXBuildFile; fileRef = DF287AD928E4669B00EF9333 /* Sequence.swift */; };
		DF287AE628E466E000EF9333 /* FilmTableViewController.swift in Sources */ = {isa = PBXBuildFile; fileRef = DF287AE528E466E000EF9333 /* FilmTableViewController.swift */; };
		DF287AE828E466E700EF9333 /* FilmTableViewModel.swift in Sources */ = {isa = PBXBuildFile; fileRef = DF287AE728E466E700EF9333 /* FilmTableViewModel.swift */; };
		DF287AEE28E466FB00EF9333 /* FilmTableHeader.swift in Sources */ = {isa = PBXBuildFile; fileRef = DF287AEA28E466FB00EF9333 /* FilmTableHeader.swift */; };
		DF287AEF28E466FB00EF9333 /* ActionsSheet.swift in Sources */ = {isa = PBXBuildFile; fileRef = DF287AEB28E466FB00EF9333 /* ActionsSheet.swift */; };
		DF287AF028E466FB00EF9333 /* ActionSheetCell.swift in Sources */ = {isa = PBXBuildFile; fileRef = DF287AEC28E466FB00EF9333 /* ActionSheetCell.swift */; };
		DF287AF128E466FB00EF9333 /* FilmCardCell.swift in Sources */ = {isa = PBXBuildFile; fileRef = DF287AED28E466FB00EF9333 /* FilmCardCell.swift */; };
		DF287AF428E4671800EF9333 /* LetterViewController.swift in Sources */ = {isa = PBXBuildFile; fileRef = DF287AF328E4671800EF9333 /* LetterViewController.swift */; };
		DF287AFA28E4672E00EF9333 /* NextFilmView.swift in Sources */ = {isa = PBXBuildFile; fileRef = DF287AF628E4672E00EF9333 /* NextFilmView.swift */; };
		DF287AFB28E4672E00EF9333 /* SceneView.swift in Sources */ = {isa = PBXBuildFile; fileRef = DF287AF728E4672E00EF9333 /* SceneView.swift */; };
		DF287AFC28E4672E00EF9333 /* ProgressBar.swift in Sources */ = {isa = PBXBuildFile; fileRef = DF287AF828E4672E00EF9333 /* ProgressBar.swift */; };
		DF287AFD28E4672E00EF9333 /* EnvelopView.swift in Sources */ = {isa = PBXBuildFile; fileRef = DF287AF928E4672E00EF9333 /* EnvelopView.swift */; };
		DF287B0028E4674900EF9333 /* MainScreenViewController.swift in Sources */ = {isa = PBXBuildFile; fileRef = DF287AFF28E4674900EF9333 /* MainScreenViewController.swift */; };
		DF287B0428E4675A00EF9333 /* FilmModel.swift in Sources */ = {isa = PBXBuildFile; fileRef = DF287B0128E4675A00EF9333 /* FilmModel.swift */; };
		DF287B0528E4675A00EF9333 /* FilmPosition.swift in Sources */ = {isa = PBXBuildFile; fileRef = DF287B0228E4675A00EF9333 /* FilmPosition.swift */; };
		DF287B0628E4675A00EF9333 /* GenreModel.swift in Sources */ = {isa = PBXBuildFile; fileRef = DF287B0328E4675A00EF9333 /* GenreModel.swift */; };
		DF287B1028E4676E00EF9333 /* LetterViewControllerDelegate.swift in Sources */ = {isa = PBXBuildFile; fileRef = DF287B0728E4676E00EF9333 /* LetterViewControllerDelegate.swift */; };
		DF287B1128E4676E00EF9333 /* FilmTableViewModelDelegate.swift in Sources */ = {isa = PBXBuildFile; fileRef = DF287B0828E4676E00EF9333 /* FilmTableViewModelDelegate.swift */; };
		DF287B1228E4676E00EF9333 /* EnvelopViewDelegate.swift in Sources */ = {isa = PBXBuildFile; fileRef = DF287B0928E4676E00EF9333 /* EnvelopViewDelegate.swift */; };
		DF287B1328E4676E00EF9333 /* LetterViewModelDelegate.swift in Sources */ = {isa = PBXBuildFile; fileRef = DF287B0A28E4676E00EF9333 /* LetterViewModelDelegate.swift */; };
		DF287B1428E4676E00EF9333 /* UpdateNextFilmDelegate.swift in Sources */ = {isa = PBXBuildFile; fileRef = DF287B0B28E4676E00EF9333 /* UpdateNextFilmDelegate.swift */; };
		DF287B1528E4676E00EF9333 /* ProgressBarDelegate.swift in Sources */ = {isa = PBXBuildFile; fileRef = DF287B0C28E4676E00EF9333 /* ProgressBarDelegate.swift */; };
		DF287B1628E4676E00EF9333 /* ViewCoding.swift in Sources */ = {isa = PBXBuildFile; fileRef = DF287B0D28E4676E00EF9333 /* ViewCoding.swift */; };
		DF287B1728E4676E00EF9333 /* FilmTableHeaderDelegate.swift in Sources */ = {isa = PBXBuildFile; fileRef = DF287B0E28E4676E00EF9333 /* FilmTableHeaderDelegate.swift */; };
		DF287B1828E4676E00EF9333 /* ActionSheetDelegate.swift in Sources */ = {isa = PBXBuildFile; fileRef = DF287B0F28E4676E00EF9333 /* ActionSheetDelegate.swift */; };
		DF287B1A28E4677F00EF9333 /* APICall.swift in Sources */ = {isa = PBXBuildFile; fileRef = DF287B1928E4677F00EF9333 /* APICall.swift */; };
		DF287B1F28E467BA00EF9333 /* OnbordingViewController.swift in Sources */ = {isa = PBXBuildFile; fileRef = DF287B1E28E467BA00EF9333 /* OnbordingViewController.swift */; };
		DF287B2128E467C400EF9333 /* OnboardingViewModel.swift in Sources */ = {isa = PBXBuildFile; fileRef = DF287B2028E467C400EF9333 /* OnboardingViewModel.swift */; };
		DF287B2728E4682800EF9333 /* LetterViewModel.swift in Sources */ = {isa = PBXBuildFile; fileRef = DF287B2628E4682800EF9333 /* LetterViewModel.swift */; };
		DF287B2A28E46B0600EF9333 /* arrow.json in Resources */ = {isa = PBXBuildFile; fileRef = DF287B2928E46B0600EF9333 /* arrow.json */; };
		DFD827F528E4BDDE00A57A75 /* emptyList.json in Resources */ = {isa = PBXBuildFile; fileRef = DFD827F428E4BDDE00A57A75 /* emptyList.json */; };
		DFD827F728E4BE1F00A57A75 /* AnimatedCell.swift in Sources */ = {isa = PBXBuildFile; fileRef = DFD827F628E4BE1F00A57A75 /* AnimatedCell.swift */; };
		DFD827F928E4C11200A57A75 /* AnimationConfig.swift in Sources */ = {isa = PBXBuildFile; fileRef = DFD827F828E4C11200A57A75 /* AnimationConfig.swift */; };
		DFD827FB28E4CC6700A57A75 /* loading.json in Resources */ = {isa = PBXBuildFile; fileRef = DFD827FA28E4CC6700A57A75 /* loading.json */; };
		DFD827FD28E4DCBB00A57A75 /* ScrollMovement.swift in Sources */ = {isa = PBXBuildFile; fileRef = DFD827FC28E4DCBB00A57A75 /* ScrollMovement.swift */; };
		DFD827FF28E4DD1F00A57A75 /* MainScreenViewControllerDelegate.swift in Sources */ = {isa = PBXBuildFile; fileRef = DFD827FE28E4DD1F00A57A75 /* MainScreenViewControllerDelegate.swift */; };
		DFD8280228E5C38E00A57A75 /* OnboardingCell.swift in Sources */ = {isa = PBXBuildFile; fileRef = DFD8280128E5C38E00A57A75 /* OnboardingCell.swift */; };
		DFD8280428E6318B00A57A75 /* progress.json in Resources */ = {isa = PBXBuildFile; fileRef = DFD8280328E6318B00A57A75 /* progress.json */; };
		DFD8280628E640FF00A57A75 /* filmList.json in Resources */ = {isa = PBXBuildFile; fileRef = DFD8280528E640FF00A57A75 /* filmList.json */; };
		DFD8280B28E6779400A57A75 /* OverViewDelegate.swift in Sources */ = {isa = PBXBuildFile; fileRef = DFD8280A28E6779400A57A75 /* OverViewDelegate.swift */; };
/* End PBXBuildFile section */

/* Begin PBXContainerItemProxy section */
		DF287A9C28E45F3E00EF9333 /* PBXContainerItemProxy */ = {
			isa = PBXContainerItemProxy;
			containerPortal = DF287A7D28E45F3D00EF9333 /* Project object */;
			proxyType = 1;
			remoteGlobalIDString = DF287A8428E45F3D00EF9333;
			remoteInfo = Tegami;
		};
/* End PBXContainerItemProxy section */

/* Begin PBXFileReference section */
		4BE10E6928E47A040023104E /* FilmOverviewController.swift */ = {isa = PBXFileReference; lastKnownFileType = sourcecode.swift; path = FilmOverviewController.swift; sourceTree = "<group>"; };
		4BE10E6C28E47AE20023104E /* BackgroundView.swift */ = {isa = PBXFileReference; fileEncoding = 4; lastKnownFileType = sourcecode.swift; path = BackgroundView.swift; sourceTree = "<group>"; };
		4BE10E6D28E47AE20023104E /* BackdropPathView.swift */ = {isa = PBXFileReference; fileEncoding = 4; lastKnownFileType = sourcecode.swift; path = BackdropPathView.swift; sourceTree = "<group>"; };
		4BE10E6E28E47AE20023104E /* DescriptionFilmView.swift */ = {isa = PBXFileReference; fileEncoding = 4; lastKnownFileType = sourcecode.swift; path = DescriptionFilmView.swift; sourceTree = "<group>"; };
		4BE10E7228E5E7300023104E /* PosterPathView.swift */ = {isa = PBXFileReference; lastKnownFileType = sourcecode.swift; path = PosterPathView.swift; sourceTree = "<group>"; };
		CE37D33C28F0E963002F68FB /* OnboarginModel.swift */ = {isa = PBXFileReference; lastKnownFileType = sourcecode.swift; path = OnboarginModel.swift; sourceTree = "<group>"; };
		CE37D33F28F0E9A2002F68FB /* OnboardingFactory.swift */ = {isa = PBXFileReference; lastKnownFileType = sourcecode.swift; path = OnboardingFactory.swift; sourceTree = "<group>"; };
		CE37D34228F0ECB7002F68FB /* UserDefaultsHelper.swift */ = {isa = PBXFileReference; lastKnownFileType = sourcecode.swift; path = UserDefaultsHelper.swift; sourceTree = "<group>"; };
		CE37D34428F11A8E002F68FB /* OnboardingViewModelTests.swift */ = {isa = PBXFileReference; lastKnownFileType = sourcecode.swift; path = OnboardingViewModelTests.swift; sourceTree = "<group>"; };
		DF287A8528E45F3D00EF9333 /* Tegami.app */ = {isa = PBXFileReference; explicitFileType = wrapper.application; includeInIndex = 0; path = Tegami.app; sourceTree = BUILT_PRODUCTS_DIR; };
		DF287A9428E45F3E00EF9333 /* Base */ = {isa = PBXFileReference; lastKnownFileType = file.storyboard; name = Base; path = Base.lproj/LaunchScreen.storyboard; sourceTree = "<group>"; };
		DF287A9628E45F3E00EF9333 /* Info.plist */ = {isa = PBXFileReference; lastKnownFileType = text.plist.xml; path = Info.plist; sourceTree = "<group>"; };
		DF287A9B28E45F3E00EF9333 /* TegamiTests.xctest */ = {isa = PBXFileReference; explicitFileType = wrapper.cfbundle; includeInIndex = 0; path = TegamiTests.xctest; sourceTree = BUILT_PRODUCTS_DIR; };
		DF287ABE28E4645400EF9333 /* Assets.xcassets */ = {isa = PBXFileReference; lastKnownFileType = folder.assetcatalog; path = Assets.xcassets; sourceTree = "<group>"; };
		DF287AC428E465CE00EF9333 /* SceneDelegate.swift */ = {isa = PBXFileReference; fileEncoding = 4; lastKnownFileType = sourcecode.swift; path = SceneDelegate.swift; sourceTree = "<group>"; };
		DF287AC528E465CE00EF9333 /* AppDelegate.swift */ = {isa = PBXFileReference; fileEncoding = 4; lastKnownFileType = sourcecode.swift; path = AppDelegate.swift; sourceTree = "<group>"; };
		DF287AD228E4669000EF9333 /* UrlEnum.swift */ = {isa = PBXFileReference; fileEncoding = 4; lastKnownFileType = sourcecode.swift; path = UrlEnum.swift; sourceTree = "<group>"; };
		DF287AD328E4669000EF9333 /* TableState.swift */ = {isa = PBXFileReference; fileEncoding = 4; lastKnownFileType = sourcecode.swift; path = TableState.swift; sourceTree = "<group>"; };
		DF287AD628E4669B00EF9333 /* UIImageView.swift */ = {isa = PBXFileReference; fileEncoding = 4; lastKnownFileType = sourcecode.swift; path = UIImageView.swift; sourceTree = "<group>"; };
		DF287AD728E4669B00EF9333 /* Array.swift */ = {isa = PBXFileReference; fileEncoding = 4; lastKnownFileType = sourcecode.swift; path = Array.swift; sourceTree = "<group>"; };
		DF287AD828E4669B00EF9333 /* UIScrollView.swift */ = {isa = PBXFileReference; fileEncoding = 4; lastKnownFileType = sourcecode.swift; path = UIScrollView.swift; sourceTree = "<group>"; };
		DF287AD928E4669B00EF9333 /* Sequence.swift */ = {isa = PBXFileReference; fileEncoding = 4; lastKnownFileType = sourcecode.swift; path = Sequence.swift; sourceTree = "<group>"; };
		DF287AE528E466E000EF9333 /* FilmTableViewController.swift */ = {isa = PBXFileReference; fileEncoding = 4; lastKnownFileType = sourcecode.swift; path = FilmTableViewController.swift; sourceTree = "<group>"; };
		DF287AE728E466E700EF9333 /* FilmTableViewModel.swift */ = {isa = PBXFileReference; fileEncoding = 4; lastKnownFileType = sourcecode.swift; path = FilmTableViewModel.swift; sourceTree = "<group>"; };
		DF287AEA28E466FB00EF9333 /* FilmTableHeader.swift */ = {isa = PBXFileReference; fileEncoding = 4; lastKnownFileType = sourcecode.swift; path = FilmTableHeader.swift; sourceTree = "<group>"; };
		DF287AEB28E466FB00EF9333 /* ActionsSheet.swift */ = {isa = PBXFileReference; fileEncoding = 4; lastKnownFileType = sourcecode.swift; path = ActionsSheet.swift; sourceTree = "<group>"; };
		DF287AEC28E466FB00EF9333 /* ActionSheetCell.swift */ = {isa = PBXFileReference; fileEncoding = 4; lastKnownFileType = sourcecode.swift; path = ActionSheetCell.swift; sourceTree = "<group>"; };
		DF287AED28E466FB00EF9333 /* FilmCardCell.swift */ = {isa = PBXFileReference; fileEncoding = 4; lastKnownFileType = sourcecode.swift; path = FilmCardCell.swift; sourceTree = "<group>"; };
		DF287AF328E4671800EF9333 /* LetterViewController.swift */ = {isa = PBXFileReference; fileEncoding = 4; lastKnownFileType = sourcecode.swift; path = LetterViewController.swift; sourceTree = "<group>"; };
		DF287AF628E4672E00EF9333 /* NextFilmView.swift */ = {isa = PBXFileReference; fileEncoding = 4; lastKnownFileType = sourcecode.swift; path = NextFilmView.swift; sourceTree = "<group>"; };
		DF287AF728E4672E00EF9333 /* SceneView.swift */ = {isa = PBXFileReference; fileEncoding = 4; lastKnownFileType = sourcecode.swift; path = SceneView.swift; sourceTree = "<group>"; };
		DF287AF828E4672E00EF9333 /* ProgressBar.swift */ = {isa = PBXFileReference; fileEncoding = 4; lastKnownFileType = sourcecode.swift; path = ProgressBar.swift; sourceTree = "<group>"; };
		DF287AF928E4672E00EF9333 /* EnvelopView.swift */ = {isa = PBXFileReference; fileEncoding = 4; lastKnownFileType = sourcecode.swift; path = EnvelopView.swift; sourceTree = "<group>"; };
		DF287AFF28E4674900EF9333 /* MainScreenViewController.swift */ = {isa = PBXFileReference; fileEncoding = 4; lastKnownFileType = sourcecode.swift; path = MainScreenViewController.swift; sourceTree = "<group>"; };
		DF287B0128E4675A00EF9333 /* FilmModel.swift */ = {isa = PBXFileReference; fileEncoding = 4; lastKnownFileType = sourcecode.swift; path = FilmModel.swift; sourceTree = "<group>"; };
		DF287B0228E4675A00EF9333 /* FilmPosition.swift */ = {isa = PBXFileReference; fileEncoding = 4; lastKnownFileType = sourcecode.swift; path = FilmPosition.swift; sourceTree = "<group>"; };
		DF287B0328E4675A00EF9333 /* GenreModel.swift */ = {isa = PBXFileReference; fileEncoding = 4; lastKnownFileType = sourcecode.swift; path = GenreModel.swift; sourceTree = "<group>"; };
		DF287B0728E4676E00EF9333 /* LetterViewControllerDelegate.swift */ = {isa = PBXFileReference; fileEncoding = 4; lastKnownFileType = sourcecode.swift; path = LetterViewControllerDelegate.swift; sourceTree = "<group>"; };
		DF287B0828E4676E00EF9333 /* FilmTableViewModelDelegate.swift */ = {isa = PBXFileReference; fileEncoding = 4; lastKnownFileType = sourcecode.swift; path = FilmTableViewModelDelegate.swift; sourceTree = "<group>"; };
		DF287B0928E4676E00EF9333 /* EnvelopViewDelegate.swift */ = {isa = PBXFileReference; fileEncoding = 4; lastKnownFileType = sourcecode.swift; path = EnvelopViewDelegate.swift; sourceTree = "<group>"; };
		DF287B0A28E4676E00EF9333 /* LetterViewModelDelegate.swift */ = {isa = PBXFileReference; fileEncoding = 4; lastKnownFileType = sourcecode.swift; path = LetterViewModelDelegate.swift; sourceTree = "<group>"; };
		DF287B0B28E4676E00EF9333 /* UpdateNextFilmDelegate.swift */ = {isa = PBXFileReference; fileEncoding = 4; lastKnownFileType = sourcecode.swift; path = UpdateNextFilmDelegate.swift; sourceTree = "<group>"; };
		DF287B0C28E4676E00EF9333 /* ProgressBarDelegate.swift */ = {isa = PBXFileReference; fileEncoding = 4; lastKnownFileType = sourcecode.swift; path = ProgressBarDelegate.swift; sourceTree = "<group>"; };
		DF287B0D28E4676E00EF9333 /* ViewCoding.swift */ = {isa = PBXFileReference; fileEncoding = 4; lastKnownFileType = sourcecode.swift; path = ViewCoding.swift; sourceTree = "<group>"; };
		DF287B0E28E4676E00EF9333 /* FilmTableHeaderDelegate.swift */ = {isa = PBXFileReference; fileEncoding = 4; lastKnownFileType = sourcecode.swift; path = FilmTableHeaderDelegate.swift; sourceTree = "<group>"; };
		DF287B0F28E4676E00EF9333 /* ActionSheetDelegate.swift */ = {isa = PBXFileReference; fileEncoding = 4; lastKnownFileType = sourcecode.swift; path = ActionSheetDelegate.swift; sourceTree = "<group>"; };
		DF287B1928E4677F00EF9333 /* APICall.swift */ = {isa = PBXFileReference; fileEncoding = 4; lastKnownFileType = sourcecode.swift; path = APICall.swift; sourceTree = "<group>"; };
		DF287B1E28E467BA00EF9333 /* OnbordingViewController.swift */ = {isa = PBXFileReference; fileEncoding = 4; lastKnownFileType = sourcecode.swift; path = OnbordingViewController.swift; sourceTree = "<group>"; };
		DF287B2028E467C400EF9333 /* OnboardingViewModel.swift */ = {isa = PBXFileReference; fileEncoding = 4; lastKnownFileType = sourcecode.swift; path = OnboardingViewModel.swift; sourceTree = "<group>"; };
		DF287B2628E4682800EF9333 /* LetterViewModel.swift */ = {isa = PBXFileReference; fileEncoding = 4; lastKnownFileType = sourcecode.swift; path = LetterViewModel.swift; sourceTree = "<group>"; };
		DF287B2928E46B0600EF9333 /* arrow.json */ = {isa = PBXFileReference; fileEncoding = 4; lastKnownFileType = text.json; path = arrow.json; sourceTree = "<group>"; };
		DFD827F428E4BDDE00A57A75 /* emptyList.json */ = {isa = PBXFileReference; fileEncoding = 4; lastKnownFileType = text.json; path = emptyList.json; sourceTree = "<group>"; };
		DFD827F628E4BE1F00A57A75 /* AnimatedCell.swift */ = {isa = PBXFileReference; lastKnownFileType = sourcecode.swift; path = AnimatedCell.swift; sourceTree = "<group>"; };
		DFD827F828E4C11200A57A75 /* AnimationConfig.swift */ = {isa = PBXFileReference; lastKnownFileType = sourcecode.swift; path = AnimationConfig.swift; sourceTree = "<group>"; };
		DFD827FA28E4CC6700A57A75 /* loading.json */ = {isa = PBXFileReference; fileEncoding = 4; lastKnownFileType = text.json; path = loading.json; sourceTree = "<group>"; };
		DFD827FC28E4DCBB00A57A75 /* ScrollMovement.swift */ = {isa = PBXFileReference; lastKnownFileType = sourcecode.swift; path = ScrollMovement.swift; sourceTree = "<group>"; };
		DFD827FE28E4DD1F00A57A75 /* MainScreenViewControllerDelegate.swift */ = {isa = PBXFileReference; lastKnownFileType = sourcecode.swift; path = MainScreenViewControllerDelegate.swift; sourceTree = "<group>"; };
		DFD8280128E5C38E00A57A75 /* OnboardingCell.swift */ = {isa = PBXFileReference; lastKnownFileType = sourcecode.swift; path = OnboardingCell.swift; sourceTree = "<group>"; };
		DFD8280328E6318B00A57A75 /* progress.json */ = {isa = PBXFileReference; fileEncoding = 4; lastKnownFileType = text.json; path = progress.json; sourceTree = "<group>"; };
		DFD8280528E640FF00A57A75 /* filmList.json */ = {isa = PBXFileReference; fileEncoding = 4; lastKnownFileType = text.json; path = filmList.json; sourceTree = "<group>"; };
		DFD8280A28E6779400A57A75 /* OverViewDelegate.swift */ = {isa = PBXFileReference; lastKnownFileType = sourcecode.swift; path = OverViewDelegate.swift; sourceTree = "<group>"; };
/* End PBXFileReference section */

/* Begin PBXFrameworksBuildPhase section */
		DF287A8228E45F3D00EF9333 /* Frameworks */ = {
			isa = PBXFrameworksBuildPhase;
			buildActionMask = 2147483647;
			files = (
				CEA415D028F53734001705BC /* Lottie in Frameworks */,
			);
			runOnlyForDeploymentPostprocessing = 0;
		};
		DF287A9828E45F3E00EF9333 /* Frameworks */ = {
			isa = PBXFrameworksBuildPhase;
			buildActionMask = 2147483647;
			files = (
			);
			runOnlyForDeploymentPostprocessing = 0;
		};
/* End PBXFrameworksBuildPhase section */

/* Begin PBXGroup section */
		4BE10E6B28E47A890023104E /* Components */ = {
			isa = PBXGroup;
			children = (
				4BE10E6C28E47AE20023104E /* BackgroundView.swift */,
				4BE10E6E28E47AE20023104E /* DescriptionFilmView.swift */,
				4BE10E6D28E47AE20023104E /* BackdropPathView.swift */,
				4BE10E7228E5E7300023104E /* PosterPathView.swift */,
			);
			path = Components;
			sourceTree = "<group>";
		};
		CE37D33B28F0E95A002F68FB /* Model */ = {
			isa = PBXGroup;
			children = (
				CE37D33C28F0E963002F68FB /* OnboarginModel.swift */,
			);
			path = Model;
			sourceTree = "<group>";
		};
		CE37D33E28F0E997002F68FB /* Factory */ = {
			isa = PBXGroup;
			children = (
				CE37D33F28F0E9A2002F68FB /* OnboardingFactory.swift */,
			);
			path = Factory;
			sourceTree = "<group>";
		};
		CE37D34128F0ECAE002F68FB /* Helper */ = {
			isa = PBXGroup;
			children = (
				CE37D34228F0ECB7002F68FB /* UserDefaultsHelper.swift */,
			);
			path = Helper;
			sourceTree = "<group>";
		};
		CEF9B41528F253F900078EB7 /* Source */ = {
			isa = PBXGroup;
			children = (
				CEF9B41628F2540700078EB7 /* Onoboarding */,
			);
			path = Source;
			sourceTree = "<group>";
		};
		CEF9B41628F2540700078EB7 /* Onoboarding */ = {
			isa = PBXGroup;
			children = (
				DF287B2C28E46C1800EF9333 /* ViewModel */,
			);
			path = Onoboarding;
			sourceTree = "<group>";
		};
		DF287A7C28E45F3D00EF9333 = {
			isa = PBXGroup;
			children = (
				DF287A8728E45F3D00EF9333 /* Tegami */,
				DF287A9E28E45F3E00EF9333 /* TegamiTests */,
				DF287A8628E45F3D00EF9333 /* Products */,
			);
			sourceTree = "<group>";
		};
		DF287A8628E45F3D00EF9333 /* Products */ = {
			isa = PBXGroup;
			children = (
				DF287A8528E45F3D00EF9333 /* Tegami.app */,
				DF287A9B28E45F3E00EF9333 /* TegamiTests.xctest */,
			);
			name = Products;
			sourceTree = "<group>";
		};
		DF287A8728E45F3D00EF9333 /* Tegami */ = {
			isa = PBXGroup;
			children = (
				DF287AB828E4621C00EF9333 /* Application */,
				DF287ABD28E4643500EF9333 /* Resource */,
				DF287AC828E4660200EF9333 /* Source */,
				DF287A9628E45F3E00EF9333 /* Info.plist */,
			);
			path = Tegami;
			sourceTree = "<group>";
		};
		DF287A9E28E45F3E00EF9333 /* TegamiTests */ = {
			isa = PBXGroup;
			children = (
				CEF9B41528F253F900078EB7 /* Source */,
			);
			path = TegamiTests;
			sourceTree = "<group>";
		};
		DF287AB828E4621C00EF9333 /* Application */ = {
			isa = PBXGroup;
			children = (
				DF287AC528E465CE00EF9333 /* AppDelegate.swift */,
				DF287AC428E465CE00EF9333 /* SceneDelegate.swift */,
				DF287A9328E45F3E00EF9333 /* LaunchScreen.storyboard */,
			);
			path = Application;
			sourceTree = "<group>";
		};
		DF287ABD28E4643500EF9333 /* Resource */ = {
			isa = PBXGroup;
			children = (
				DF287B2828E46AD700EF9333 /* LottieFiles */,
				DF287ABE28E4645400EF9333 /* Assets.xcassets */,
			);
			path = Resource;
			sourceTree = "<group>";
		};
		DF287AC828E4660200EF9333 /* Source */ = {
			isa = PBXGroup;
			children = (
				DF287AD128E4667D00EF9333 /* Service */,
				DF287AD028E4667000EF9333 /* Protocols */,
				DF287ACA28E4661600EF9333 /* Extensions */,
				DF287AC928E4660D00EF9333 /* Enums */,
				DF287ACF28E4666600EF9333 /* Model */,
				DF287B1B28E4679A00EF9333 /* Onboarding */,
				DF287ACE28E4665500EF9333 /* MainScreen */,
				DF287ACD28E4664700EF9333 /* LetterView */,
				DF287ACC28E4663D00EF9333 /* FilmTable */,
				DF287ACB28E4662400EF9333 /* FilmOverviewScreen */,
			);
			path = Source;
			sourceTree = "<group>";
		};
		DF287AC928E4660D00EF9333 /* Enums */ = {
			isa = PBXGroup;
			children = (
				DF287AD328E4669000EF9333 /* TableState.swift */,
				DF287AD228E4669000EF9333 /* UrlEnum.swift */,
				DFD827FC28E4DCBB00A57A75 /* ScrollMovement.swift */,
			);
			path = Enums;
			sourceTree = "<group>";
		};
		DF287ACA28E4661600EF9333 /* Extensions */ = {
			isa = PBXGroup;
			children = (
				DF287AD728E4669B00EF9333 /* Array.swift */,
				DF287AD928E4669B00EF9333 /* Sequence.swift */,
				DF287AD628E4669B00EF9333 /* UIImageView.swift */,
				DF287AD828E4669B00EF9333 /* UIScrollView.swift */,
			);
			path = Extensions;
			sourceTree = "<group>";
		};
		DF287ACB28E4662400EF9333 /* FilmOverviewScreen */ = {
			isa = PBXGroup;
			children = (
				DF287ADE28E466AA00EF9333 /* View */,
			);
			path = FilmOverviewScreen;
			sourceTree = "<group>";
		};
		DF287ACC28E4663D00EF9333 /* FilmTable */ = {
			isa = PBXGroup;
			children = (
				DF287AE328E466C800EF9333 /* View */,
				DF287AE428E466D400EF9333 /* ViewModel */,
			);
			path = FilmTable;
			sourceTree = "<group>";
		};
		DF287ACD28E4664700EF9333 /* LetterView */ = {
			isa = PBXGroup;
			children = (
				DF287AF228E4671000EF9333 /* View */,
				DF287B2528E4680E00EF9333 /* ViewModel */,
			);
			path = LetterView;
			sourceTree = "<group>";
		};
		DF287ACE28E4665500EF9333 /* MainScreen */ = {
			isa = PBXGroup;
			children = (
				DF287AFE28E4673C00EF9333 /* View */,
			);
			path = MainScreen;
			sourceTree = "<group>";
		};
		DF287ACF28E4666600EF9333 /* Model */ = {
			isa = PBXGroup;
			children = (
				DF287B0128E4675A00EF9333 /* FilmModel.swift */,
				DF287B0228E4675A00EF9333 /* FilmPosition.swift */,
				DF287B0328E4675A00EF9333 /* GenreModel.swift */,
				DFD827F828E4C11200A57A75 /* AnimationConfig.swift */,
			);
			path = Model;
			sourceTree = "<group>";
		};
		DF287AD028E4667000EF9333 /* Protocols */ = {
			isa = PBXGroup;
			children = (
				DF287B0F28E4676E00EF9333 /* ActionSheetDelegate.swift */,
				DF287B0928E4676E00EF9333 /* EnvelopViewDelegate.swift */,
				DF287B0E28E4676E00EF9333 /* FilmTableHeaderDelegate.swift */,
				DF287B0828E4676E00EF9333 /* FilmTableViewModelDelegate.swift */,
				DF287B0728E4676E00EF9333 /* LetterViewControllerDelegate.swift */,
				DF287B0A28E4676E00EF9333 /* LetterViewModelDelegate.swift */,
				DF287B0C28E4676E00EF9333 /* ProgressBarDelegate.swift */,
				DF287B0B28E4676E00EF9333 /* UpdateNextFilmDelegate.swift */,
				DF287B0D28E4676E00EF9333 /* ViewCoding.swift */,
				DFD827FE28E4DD1F00A57A75 /* MainScreenViewControllerDelegate.swift */,
				DFD8280A28E6779400A57A75 /* OverViewDelegate.swift */,
			);
			path = Protocols;
			sourceTree = "<group>";
		};
		DF287AD128E4667D00EF9333 /* Service */ = {
			isa = PBXGroup;
			children = (
				DF287B1928E4677F00EF9333 /* APICall.swift */,
			);
			path = Service;
			sourceTree = "<group>";
		};
		DF287ADE28E466AA00EF9333 /* View */ = {
			isa = PBXGroup;
			children = (
				4BE10E6B28E47A890023104E /* Components */,
				4BE10E6928E47A040023104E /* FilmOverviewController.swift */,
			);
			path = View;
			sourceTree = "<group>";
		};
		DF287AE328E466C800EF9333 /* View */ = {
			isa = PBXGroup;
			children = (
				DF287AE928E466EE00EF9333 /* Components */,
				DF287AE528E466E000EF9333 /* FilmTableViewController.swift */,
			);
			path = View;
			sourceTree = "<group>";
		};
		DF287AE428E466D400EF9333 /* ViewModel */ = {
			isa = PBXGroup;
			children = (
				DF287AE728E466E700EF9333 /* FilmTableViewModel.swift */,
			);
			path = ViewModel;
			sourceTree = "<group>";
		};
		DF287AE928E466EE00EF9333 /* Components */ = {
			isa = PBXGroup;
			children = (
				DF287AEC28E466FB00EF9333 /* ActionSheetCell.swift */,
				DF287AEB28E466FB00EF9333 /* ActionsSheet.swift */,
				DF287AED28E466FB00EF9333 /* FilmCardCell.swift */,
				DF287AEA28E466FB00EF9333 /* FilmTableHeader.swift */,
				DFD827F628E4BE1F00A57A75 /* AnimatedCell.swift */,
			);
			path = Components;
			sourceTree = "<group>";
		};
		DF287AF228E4671000EF9333 /* View */ = {
			isa = PBXGroup;
			children = (
				DF287AF528E4671D00EF9333 /* Components */,
				DF287AF328E4671800EF9333 /* LetterViewController.swift */,
			);
			path = View;
			sourceTree = "<group>";
		};
		DF287AF528E4671D00EF9333 /* Components */ = {
			isa = PBXGroup;
			children = (
				DF287AF928E4672E00EF9333 /* EnvelopView.swift */,
				DF287AF628E4672E00EF9333 /* NextFilmView.swift */,
				DF287AF828E4672E00EF9333 /* ProgressBar.swift */,
				DF287AF728E4672E00EF9333 /* SceneView.swift */,
			);
			path = Components;
			sourceTree = "<group>";
		};
		DF287AFE28E4673C00EF9333 /* View */ = {
			isa = PBXGroup;
			children = (
				DF287AFF28E4674900EF9333 /* MainScreenViewController.swift */,
			);
			path = View;
			sourceTree = "<group>";
		};
		DF287B1B28E4679A00EF9333 /* Onboarding */ = {
			isa = PBXGroup;
			children = (
				CE37D34128F0ECAE002F68FB /* Helper */,
				CE37D33E28F0E997002F68FB /* Factory */,
				CE37D33B28F0E95A002F68FB /* Model */,
				DF287B1C28E467A600EF9333 /* View */,
				DF287B1D28E467AC00EF9333 /* ViewModel */,
			);
			path = Onboarding;
			sourceTree = "<group>";
		};
		DF287B1C28E467A600EF9333 /* View */ = {
			isa = PBXGroup;
			children = (
				DFD8280028E5C37500A57A75 /* Components */,
				DF287B1E28E467BA00EF9333 /* OnbordingViewController.swift */,
			);
			path = View;
			sourceTree = "<group>";
		};
		DF287B1D28E467AC00EF9333 /* ViewModel */ = {
			isa = PBXGroup;
			children = (
				DF287B2028E467C400EF9333 /* OnboardingViewModel.swift */,
			);
			path = ViewModel;
			sourceTree = "<group>";
		};
		DF287B2528E4680E00EF9333 /* ViewModel */ = {
			isa = PBXGroup;
			children = (
				DF287B2628E4682800EF9333 /* LetterViewModel.swift */,
			);
			path = ViewModel;
			sourceTree = "<group>";
		};
		DF287B2828E46AD700EF9333 /* LottieFiles */ = {
			isa = PBXGroup;
			children = (
				DFD8280528E640FF00A57A75 /* filmList.json */,
				DFD8280328E6318B00A57A75 /* progress.json */,
				DFD827FA28E4CC6700A57A75 /* loading.json */,
				DFD827F428E4BDDE00A57A75 /* emptyList.json */,
				DF287B2928E46B0600EF9333 /* arrow.json */,
			);
			path = LottieFiles;
			sourceTree = "<group>";
		};
		DF287B2C28E46C1800EF9333 /* ViewModel */ = {
			isa = PBXGroup;
			children = (
				CE37D34428F11A8E002F68FB /* OnboardingViewModelTests.swift */,
			);
			path = ViewModel;
			sourceTree = "<group>";
		};
		DFD8280028E5C37500A57A75 /* Components */ = {
			isa = PBXGroup;
			children = (
				DFD8280128E5C38E00A57A75 /* OnboardingCell.swift */,
			);
			path = Components;
			sourceTree = "<group>";
		};
/* End PBXGroup section */

/* Begin PBXNativeTarget section */
		DF287A8428E45F3D00EF9333 /* Tegami */ = {
			isa = PBXNativeTarget;
			buildConfigurationList = DF287AAF28E45F3E00EF9333 /* Build configuration list for PBXNativeTarget "Tegami" */;
			buildPhases = (
				DF287A8128E45F3D00EF9333 /* Sources */,
				DF287A8228E45F3D00EF9333 /* Frameworks */,
				DF287A8328E45F3D00EF9333 /* Resources */,
				DFD8280728E655F100A57A75 /* ShellScript */,
			);
			buildRules = (
			);
			dependencies = (
			);
			name = Tegami;
			packageProductDependencies = (
				CEA415CF28F53734001705BC /* Lottie */,
			);
			productName = Tegami;
			productReference = DF287A8528E45F3D00EF9333 /* Tegami.app */;
			productType = "com.apple.product-type.application";
		};
		DF287A9A28E45F3E00EF9333 /* TegamiTests */ = {
			isa = PBXNativeTarget;
			buildConfigurationList = DF287AB228E45F3E00EF9333 /* Build configuration list for PBXNativeTarget "TegamiTests" */;
			buildPhases = (
				DF287A9728E45F3E00EF9333 /* Sources */,
				DF287A9828E45F3E00EF9333 /* Frameworks */,
				DF287A9928E45F3E00EF9333 /* Resources */,
			);
			buildRules = (
			);
			dependencies = (
				DF287A9D28E45F3E00EF9333 /* PBXTargetDependency */,
			);
			name = TegamiTests;
			productName = TegamiTests;
			productReference = DF287A9B28E45F3E00EF9333 /* TegamiTests.xctest */;
			productType = "com.apple.product-type.bundle.unit-test";
		};
/* End PBXNativeTarget section */

/* Begin PBXProject section */
		DF287A7D28E45F3D00EF9333 /* Project object */ = {
			isa = PBXProject;
			attributes = {
				BuildIndependentTargetsInParallel = 1;
				LastSwiftUpdateCheck = 1400;
				LastUpgradeCheck = 1400;
				TargetAttributes = {
					DF287A8428E45F3D00EF9333 = {
						CreatedOnToolsVersion = 14.0;
						LastSwiftMigration = 1400;
					};
					DF287A9A28E45F3E00EF9333 = {
						CreatedOnToolsVersion = 14.0;
						LastSwiftMigration = 1400;
						TestTargetID = DF287A8428E45F3D00EF9333;
					};
				};
			};
			buildConfigurationList = DF287A8028E45F3D00EF9333 /* Build configuration list for PBXProject "Tegami" */;
			compatibilityVersion = "Xcode 14.0";
			developmentRegion = en;
			hasScannedForEncodings = 0;
			knownRegions = (
				en,
				Base,
			);
			mainGroup = DF287A7C28E45F3D00EF9333;
			packageReferences = (
				CEA415CE28F53734001705BC /* XCRemoteSwiftPackageReference "lottie-ios" */,
			);
			productRefGroup = DF287A8628E45F3D00EF9333 /* Products */;
			projectDirPath = "";
			projectRoot = "";
			targets = (
				DF287A8428E45F3D00EF9333 /* Tegami */,
				DF287A9A28E45F3E00EF9333 /* TegamiTests */,
			);
		};
/* End PBXProject section */

/* Begin PBXResourcesBuildPhase section */
		DF287A8328E45F3D00EF9333 /* Resources */ = {
			isa = PBXResourcesBuildPhase;
			buildActionMask = 2147483647;
			files = (
				DFD8280628E640FF00A57A75 /* filmList.json in Resources */,
				DF287ABF28E4645400EF9333 /* Assets.xcassets in Resources */,
				DF287A9528E45F3E00EF9333 /* LaunchScreen.storyboard in Resources */,
				DFD827F528E4BDDE00A57A75 /* emptyList.json in Resources */,
				DFD827FB28E4CC6700A57A75 /* loading.json in Resources */,
				DFD8280428E6318B00A57A75 /* progress.json in Resources */,
				DF287B2A28E46B0600EF9333 /* arrow.json in Resources */,
			);
			runOnlyForDeploymentPostprocessing = 0;
		};
		DF287A9928E45F3E00EF9333 /* Resources */ = {
			isa = PBXResourcesBuildPhase;
			buildActionMask = 2147483647;
			files = (
			);
			runOnlyForDeploymentPostprocessing = 0;
		};
/* End PBXResourcesBuildPhase section */

/* Begin PBXShellScriptBuildPhase section */
		DFD8280728E655F100A57A75 /* ShellScript */ = {
			isa = PBXShellScriptBuildPhase;
			alwaysOutOfDate = 1;
			buildActionMask = 2147483647;
			files = (
			);
			inputFileListPaths = (
			);
			inputPaths = (
			);
			outputFileListPaths = (
			);
			outputPaths = (
			);
			runOnlyForDeploymentPostprocessing = 0;
			shellPath = /bin/sh;
			shellScript = "export PATH=\"$PATH:/opt/homebrew/bin\"\nif which swiftlint > /dev/null; then\n  swiftlint\nelse\n  echo \"warning: SwiftLint not installed, download from https://github.com/realm/SwiftLint\"\nfi\n";
		};
/* End PBXShellScriptBuildPhase section */

/* Begin PBXSourcesBuildPhase section */
		DF287A8128E45F3D00EF9333 /* Sources */ = {
			isa = PBXSourcesBuildPhase;
			buildActionMask = 2147483647;
			files = (
				DF287AD528E4669000EF9333 /* TableState.swift in Sources */,
				DF287AEF28E466FB00EF9333 /* ActionsSheet.swift in Sources */,
				DF287B2728E4682800EF9333 /* LetterViewModel.swift in Sources */,
				4BE10E7128E47AE20023104E /* DescriptionFilmView.swift in Sources */,
				DFD827FF28E4DD1F00A57A75 /* MainScreenViewControllerDelegate.swift in Sources */,
				DF287B1328E4676E00EF9333 /* LetterViewModelDelegate.swift in Sources */,
				DF287B1728E4676E00EF9333 /* FilmTableHeaderDelegate.swift in Sources */,
				DF287B0528E4675A00EF9333 /* FilmPosition.swift in Sources */,
				DF287ADA28E4669B00EF9333 /* UIImageView.swift in Sources */,
				DF287B2128E467C400EF9333 /* OnboardingViewModel.swift in Sources */,
				DF287AFD28E4672E00EF9333 /* EnvelopView.swift in Sources */,
				CE37D34328F0ECB7002F68FB /* UserDefaultsHelper.swift in Sources */,
				DF287AFB28E4672E00EF9333 /* SceneView.swift in Sources */,
				DF287AE628E466E000EF9333 /* FilmTableViewController.swift in Sources */,
				DF287B1F28E467BA00EF9333 /* OnbordingViewController.swift in Sources */,
				DFD827F728E4BE1F00A57A75 /* AnimatedCell.swift in Sources */,
				DF287ADD28E4669B00EF9333 /* Sequence.swift in Sources */,
				DF287B0428E4675A00EF9333 /* FilmModel.swift in Sources */,
				4BE10E6A28E47A040023104E /* FilmOverviewController.swift in Sources */,
				DF287AC728E465CE00EF9333 /* AppDelegate.swift in Sources */,
				DF287B1A28E4677F00EF9333 /* APICall.swift in Sources */,
				DF287B1828E4676E00EF9333 /* ActionSheetDelegate.swift in Sources */,
				DF287ADB28E4669B00EF9333 /* Array.swift in Sources */,
				DF287AFA28E4672E00EF9333 /* NextFilmView.swift in Sources */,
				4BE10E7028E47AE20023104E /* BackdropPathView.swift in Sources */,
				DF287AEE28E466FB00EF9333 /* FilmTableHeader.swift in Sources */,
				DF287B1428E4676E00EF9333 /* UpdateNextFilmDelegate.swift in Sources */,
				DF287AC628E465CE00EF9333 /* SceneDelegate.swift in Sources */,
				DFD827FD28E4DCBB00A57A75 /* ScrollMovement.swift in Sources */,
				4BE10E7328E5E7300023104E /* PosterPathView.swift in Sources */,
				DF287ADC28E4669B00EF9333 /* UIScrollView.swift in Sources */,
				DF287B1028E4676E00EF9333 /* LetterViewControllerDelegate.swift in Sources */,
				DF287B1528E4676E00EF9333 /* ProgressBarDelegate.swift in Sources */,
				DF287AF028E466FB00EF9333 /* ActionSheetCell.swift in Sources */,
				DF287AD428E4669000EF9333 /* UrlEnum.swift in Sources */,
				DF287AF428E4671800EF9333 /* LetterViewController.swift in Sources */,
				DFD827F928E4C11200A57A75 /* AnimationConfig.swift in Sources */,
				DF287B1228E4676E00EF9333 /* EnvelopViewDelegate.swift in Sources */,
				DF287B1128E4676E00EF9333 /* FilmTableViewModelDelegate.swift in Sources */,
				CE37D34028F0E9A2002F68FB /* OnboardingFactory.swift in Sources */,
				DFD8280B28E6779400A57A75 /* OverViewDelegate.swift in Sources */,
				DF287B1628E4676E00EF9333 /* ViewCoding.swift in Sources */,
				DF287AE828E466E700EF9333 /* FilmTableViewModel.swift in Sources */,
				DF287B0628E4675A00EF9333 /* GenreModel.swift in Sources */,
				CE37D33D28F0E963002F68FB /* OnboarginModel.swift in Sources */,
				DF287B0028E4674900EF9333 /* MainScreenViewController.swift in Sources */,
				DFD8280228E5C38E00A57A75 /* OnboardingCell.swift in Sources */,
				DF287AFC28E4672E00EF9333 /* ProgressBar.swift in Sources */,
				4BE10E6F28E47AE20023104E /* BackgroundView.swift in Sources */,
				DF287AF128E466FB00EF9333 /* FilmCardCell.swift in Sources */,
			);
			runOnlyForDeploymentPostprocessing = 0;
		};
		DF287A9728E45F3E00EF9333 /* Sources */ = {
			isa = PBXSourcesBuildPhase;
			buildActionMask = 2147483647;
			files = (
				CE37D34528F11A8E002F68FB /* OnboardingViewModelTests.swift in Sources */,
			);
			runOnlyForDeploymentPostprocessing = 0;
		};
/* End PBXSourcesBuildPhase section */

/* Begin PBXTargetDependency section */
		DF287A9D28E45F3E00EF9333 /* PBXTargetDependency */ = {
			isa = PBXTargetDependency;
			target = DF287A8428E45F3D00EF9333 /* Tegami */;
			targetProxy = DF287A9C28E45F3E00EF9333 /* PBXContainerItemProxy */;
		};
/* End PBXTargetDependency section */

/* Begin PBXVariantGroup section */
		DF287A9328E45F3E00EF9333 /* LaunchScreen.storyboard */ = {
			isa = PBXVariantGroup;
			children = (
				DF287A9428E45F3E00EF9333 /* Base */,
			);
			name = LaunchScreen.storyboard;
			sourceTree = "<group>";
		};
/* End PBXVariantGroup section */

/* Begin XCBuildConfiguration section */
		DF287AAD28E45F3E00EF9333 /* Debug */ = {
			isa = XCBuildConfiguration;
			buildSettings = {
				ALWAYS_SEARCH_USER_PATHS = NO;
				CLANG_ANALYZER_NONNULL = YES;
				CLANG_ANALYZER_NUMBER_OBJECT_CONVERSION = YES_AGGRESSIVE;
				CLANG_CXX_LANGUAGE_STANDARD = "gnu++20";
				CLANG_ENABLE_MODULES = YES;
				CLANG_ENABLE_OBJC_ARC = YES;
				CLANG_ENABLE_OBJC_WEAK = YES;
				CLANG_WARN_BLOCK_CAPTURE_AUTORELEASING = YES;
				CLANG_WARN_BOOL_CONVERSION = YES;
				CLANG_WARN_COMMA = YES;
				CLANG_WARN_CONSTANT_CONVERSION = YES;
				CLANG_WARN_DEPRECATED_OBJC_IMPLEMENTATIONS = YES;
				CLANG_WARN_DIRECT_OBJC_ISA_USAGE = YES_ERROR;
				CLANG_WARN_DOCUMENTATION_COMMENTS = YES;
				CLANG_WARN_EMPTY_BODY = YES;
				CLANG_WARN_ENUM_CONVERSION = YES;
				CLANG_WARN_INFINITE_RECURSION = YES;
				CLANG_WARN_INT_CONVERSION = YES;
				CLANG_WARN_NON_LITERAL_NULL_CONVERSION = YES;
				CLANG_WARN_OBJC_IMPLICIT_RETAIN_SELF = YES;
				CLANG_WARN_OBJC_LITERAL_CONVERSION = YES;
				CLANG_WARN_OBJC_ROOT_CLASS = YES_ERROR;
				CLANG_WARN_QUOTED_INCLUDE_IN_FRAMEWORK_HEADER = YES;
				CLANG_WARN_RANGE_LOOP_ANALYSIS = YES;
				CLANG_WARN_STRICT_PROTOTYPES = YES;
				CLANG_WARN_SUSPICIOUS_MOVE = YES;
				CLANG_WARN_UNGUARDED_AVAILABILITY = YES_AGGRESSIVE;
				CLANG_WARN_UNREACHABLE_CODE = YES;
				CLANG_WARN__DUPLICATE_METHOD_MATCH = YES;
				COPY_PHASE_STRIP = NO;
				DEBUG_INFORMATION_FORMAT = dwarf;
				ENABLE_STRICT_OBJC_MSGSEND = YES;
				ENABLE_TESTABILITY = YES;
				GCC_C_LANGUAGE_STANDARD = gnu11;
				GCC_DYNAMIC_NO_PIC = NO;
				GCC_NO_COMMON_BLOCKS = YES;
				GCC_OPTIMIZATION_LEVEL = 0;
				GCC_PREPROCESSOR_DEFINITIONS = (
					"DEBUG=1",
					"$(inherited)",
				);
				GCC_WARN_64_TO_32_BIT_CONVERSION = YES;
				GCC_WARN_ABOUT_RETURN_TYPE = YES_ERROR;
				GCC_WARN_UNDECLARED_SELECTOR = YES;
				GCC_WARN_UNINITIALIZED_AUTOS = YES_AGGRESSIVE;
				GCC_WARN_UNUSED_FUNCTION = YES;
				GCC_WARN_UNUSED_VARIABLE = YES;
				IPHONEOS_DEPLOYMENT_TARGET = 15.0;
				MTL_ENABLE_DEBUG_INFO = INCLUDE_SOURCE;
				MTL_FAST_MATH = YES;
				ONLY_ACTIVE_ARCH = YES;
				SDKROOT = iphoneos;
				SWIFT_ACTIVE_COMPILATION_CONDITIONS = DEBUG;
				SWIFT_OPTIMIZATION_LEVEL = "-Onone";
			};
			name = Debug;
		};
		DF287AAE28E45F3E00EF9333 /* Release */ = {
			isa = XCBuildConfiguration;
			buildSettings = {
				ALWAYS_SEARCH_USER_PATHS = NO;
				CLANG_ANALYZER_NONNULL = YES;
				CLANG_ANALYZER_NUMBER_OBJECT_CONVERSION = YES_AGGRESSIVE;
				CLANG_CXX_LANGUAGE_STANDARD = "gnu++20";
				CLANG_ENABLE_MODULES = YES;
				CLANG_ENABLE_OBJC_ARC = YES;
				CLANG_ENABLE_OBJC_WEAK = YES;
				CLANG_WARN_BLOCK_CAPTURE_AUTORELEASING = YES;
				CLANG_WARN_BOOL_CONVERSION = YES;
				CLANG_WARN_COMMA = YES;
				CLANG_WARN_CONSTANT_CONVERSION = YES;
				CLANG_WARN_DEPRECATED_OBJC_IMPLEMENTATIONS = YES;
				CLANG_WARN_DIRECT_OBJC_ISA_USAGE = YES_ERROR;
				CLANG_WARN_DOCUMENTATION_COMMENTS = YES;
				CLANG_WARN_EMPTY_BODY = YES;
				CLANG_WARN_ENUM_CONVERSION = YES;
				CLANG_WARN_INFINITE_RECURSION = YES;
				CLANG_WARN_INT_CONVERSION = YES;
				CLANG_WARN_NON_LITERAL_NULL_CONVERSION = YES;
				CLANG_WARN_OBJC_IMPLICIT_RETAIN_SELF = YES;
				CLANG_WARN_OBJC_LITERAL_CONVERSION = YES;
				CLANG_WARN_OBJC_ROOT_CLASS = YES_ERROR;
				CLANG_WARN_QUOTED_INCLUDE_IN_FRAMEWORK_HEADER = YES;
				CLANG_WARN_RANGE_LOOP_ANALYSIS = YES;
				CLANG_WARN_STRICT_PROTOTYPES = YES;
				CLANG_WARN_SUSPICIOUS_MOVE = YES;
				CLANG_WARN_UNGUARDED_AVAILABILITY = YES_AGGRESSIVE;
				CLANG_WARN_UNREACHABLE_CODE = YES;
				CLANG_WARN__DUPLICATE_METHOD_MATCH = YES;
				COPY_PHASE_STRIP = NO;
				DEBUG_INFORMATION_FORMAT = "dwarf-with-dsym";
				ENABLE_NS_ASSERTIONS = NO;
				ENABLE_STRICT_OBJC_MSGSEND = YES;
				GCC_C_LANGUAGE_STANDARD = gnu11;
				GCC_NO_COMMON_BLOCKS = YES;
				GCC_WARN_64_TO_32_BIT_CONVERSION = YES;
				GCC_WARN_ABOUT_RETURN_TYPE = YES_ERROR;
				GCC_WARN_UNDECLARED_SELECTOR = YES;
				GCC_WARN_UNINITIALIZED_AUTOS = YES_AGGRESSIVE;
				GCC_WARN_UNUSED_FUNCTION = YES;
				GCC_WARN_UNUSED_VARIABLE = YES;
				IPHONEOS_DEPLOYMENT_TARGET = 15.0;
				MTL_ENABLE_DEBUG_INFO = NO;
				MTL_FAST_MATH = YES;
				SDKROOT = iphoneos;
				SWIFT_COMPILATION_MODE = wholemodule;
				SWIFT_OPTIMIZATION_LEVEL = "-O";
				VALIDATE_PRODUCT = YES;
			};
			name = Release;
		};
		DF287AB028E45F3E00EF9333 /* Debug */ = {
			isa = XCBuildConfiguration;
			buildSettings = {
				ASSETCATALOG_COMPILER_APPICON_NAME = AppIcon;
				ASSETCATALOG_COMPILER_GLOBAL_ACCENT_COLOR_NAME = AccentColor;
				CLANG_ENABLE_MODULES = YES;
				CODE_SIGN_STYLE = Automatic;
				CURRENT_PROJECT_VERSION = 1;
				DEVELOPMENT_TEAM = 3PC4MSN8T7;
				GENERATE_INFOPLIST_FILE = YES;
				INFOPLIST_FILE = Tegami/Info.plist;
				INFOPLIST_KEY_UIApplicationSupportsIndirectInputEvents = YES;
				INFOPLIST_KEY_UILaunchStoryboardName = LaunchScreen;
				INFOPLIST_KEY_UISupportedInterfaceOrientations = UIInterfaceOrientationPortrait;
				INFOPLIST_KEY_UISupportedInterfaceOrientations_iPad = "UIInterfaceOrientationLandscapeLeft UIInterfaceOrientationLandscapeRight UIInterfaceOrientationPortrait UIInterfaceOrientationPortraitUpsideDown";
				IPHONEOS_DEPLOYMENT_TARGET = 15.0;
				LD_RUNPATH_SEARCH_PATHS = (
					"$(inherited)",
					"@executable_path/Frameworks",
				);
				MARKETING_VERSION = 1.0;
				PRODUCT_BUNDLE_IDENTIFIER = br.com.yago.Tegami;
				PRODUCT_NAME = "$(TARGET_NAME)";
				SUPPORTED_PLATFORMS = "iphoneos iphonesimulator";
				SUPPORTS_MACCATALYST = NO;
				SUPPORTS_MAC_DESIGNED_FOR_IPHONE_IPAD = NO;
				SWIFT_EMIT_LOC_STRINGS = YES;
				SWIFT_OPTIMIZATION_LEVEL = "-Onone";
				SWIFT_VERSION = 5.0;
				TARGETED_DEVICE_FAMILY = 1;
			};
			name = Debug;
		};
		DF287AB128E45F3E00EF9333 /* Release */ = {
			isa = XCBuildConfiguration;
			buildSettings = {
				ASSETCATALOG_COMPILER_APPICON_NAME = AppIcon;
				ASSETCATALOG_COMPILER_GLOBAL_ACCENT_COLOR_NAME = AccentColor;
				CLANG_ENABLE_MODULES = YES;
				CODE_SIGN_STYLE = Automatic;
				CURRENT_PROJECT_VERSION = 1;
				DEVELOPMENT_TEAM = 3PC4MSN8T7;
				GENERATE_INFOPLIST_FILE = YES;
				INFOPLIST_FILE = Tegami/Info.plist;
				INFOPLIST_KEY_UIApplicationSupportsIndirectInputEvents = YES;
				INFOPLIST_KEY_UILaunchStoryboardName = LaunchScreen;
				INFOPLIST_KEY_UISupportedInterfaceOrientations = UIInterfaceOrientationPortrait;
				INFOPLIST_KEY_UISupportedInterfaceOrientations_iPad = "UIInterfaceOrientationLandscapeLeft UIInterfaceOrientationLandscapeRight UIInterfaceOrientationPortrait UIInterfaceOrientationPortraitUpsideDown";
				IPHONEOS_DEPLOYMENT_TARGET = 15.0;
				LD_RUNPATH_SEARCH_PATHS = (
					"$(inherited)",
					"@executable_path/Frameworks",
				);
				MARKETING_VERSION = 1.0;
				PRODUCT_BUNDLE_IDENTIFIER = br.com.yago.Tegami;
				PRODUCT_NAME = "$(TARGET_NAME)";
				SUPPORTED_PLATFORMS = "iphoneos iphonesimulator";
				SUPPORTS_MACCATALYST = NO;
				SUPPORTS_MAC_DESIGNED_FOR_IPHONE_IPAD = NO;
				SWIFT_EMIT_LOC_STRINGS = YES;
				SWIFT_VERSION = 5.0;
				TARGETED_DEVICE_FAMILY = 1;
			};
			name = Release;
		};
		DF287AB328E45F3E00EF9333 /* Debug */ = {
			isa = XCBuildConfiguration;
			buildSettings = {
				ALWAYS_EMBED_SWIFT_STANDARD_LIBRARIES = YES;
				BUNDLE_LOADER = "$(TEST_HOST)";
				CLANG_ENABLE_MODULES = YES;
				CODE_SIGN_STYLE = Automatic;
				CURRENT_PROJECT_VERSION = 1;
				DEVELOPMENT_TEAM = 3PC4MSN8T7;
				GENERATE_INFOPLIST_FILE = YES;
				IPHONEOS_DEPLOYMENT_TARGET = 15.0;
				LD_RUNPATH_SEARCH_PATHS = (
					"$(inherited)",
					"@executable_path/Frameworks",
					"@loader_path/Frameworks",
				);
				MARKETING_VERSION = 1.0;
				PRODUCT_BUNDLE_IDENTIFIER = br.com.yago.TegamiTests;
				PRODUCT_NAME = "$(TARGET_NAME)";
				SUPPORTED_PLATFORMS = "iphoneos iphonesimulator";
				SUPPORTS_MACCATALYST = NO;
				SUPPORTS_MAC_DESIGNED_FOR_IPHONE_IPAD = NO;
				SWIFT_EMIT_LOC_STRINGS = NO;
				SWIFT_INSTALL_OBJC_HEADER = NO;
				SWIFT_OBJC_BRIDGING_HEADER = "";
				SWIFT_OPTIMIZATION_LEVEL = "-Onone";
				SWIFT_PRECOMPILE_BRIDGING_HEADER = NO;
				SWIFT_VERSION = 5.0;
				TARGETED_DEVICE_FAMILY = 1;
				TEST_HOST = "$(BUILT_PRODUCTS_DIR)/Tegami.app/$(BUNDLE_EXECUTABLE_FOLDER_PATH)Tegami";
			};
			name = Debug;
		};
		DF287AB428E45F3E00EF9333 /* Release */ = {
			isa = XCBuildConfiguration;
			buildSettings = {
				ALWAYS_EMBED_SWIFT_STANDARD_LIBRARIES = YES;
				BUNDLE_LOADER = "$(TEST_HOST)";
				CLANG_ENABLE_MODULES = YES;
				CODE_SIGN_STYLE = Automatic;
				CURRENT_PROJECT_VERSION = 1;
				DEVELOPMENT_TEAM = 3PC4MSN8T7;
				GENERATE_INFOPLIST_FILE = YES;
				IPHONEOS_DEPLOYMENT_TARGET = 15.0;
				LD_RUNPATH_SEARCH_PATHS = (
					"$(inherited)",
					"@executable_path/Frameworks",
					"@loader_path/Frameworks",
				);
				MARKETING_VERSION = 1.0;
				PRODUCT_BUNDLE_IDENTIFIER = br.com.yago.TegamiTests;
				PRODUCT_NAME = "$(TARGET_NAME)";
				SUPPORTED_PLATFORMS = "iphoneos iphonesimulator";
				SUPPORTS_MACCATALYST = NO;
				SUPPORTS_MAC_DESIGNED_FOR_IPHONE_IPAD = NO;
				SWIFT_EMIT_LOC_STRINGS = NO;
				SWIFT_INSTALL_OBJC_HEADER = NO;
				SWIFT_OBJC_BRIDGING_HEADER = "";
				SWIFT_PRECOMPILE_BRIDGING_HEADER = NO;
				SWIFT_VERSION = 5.0;
				TARGETED_DEVICE_FAMILY = 1;
				TEST_HOST = "$(BUILT_PRODUCTS_DIR)/Tegami.app/$(BUNDLE_EXECUTABLE_FOLDER_PATH)Tegami";
			};
			name = Release;
		};
/* End XCBuildConfiguration section */

/* Begin XCConfigurationList section */
		DF287A8028E45F3D00EF9333 /* Build configuration list for PBXProject "Tegami" */ = {
			isa = XCConfigurationList;
			buildConfigurations = (
				DF287AAD28E45F3E00EF9333 /* Debug */,
				DF287AAE28E45F3E00EF9333 /* Release */,
			);
			defaultConfigurationIsVisible = 0;
			defaultConfigurationName = Release;
		};
		DF287AAF28E45F3E00EF9333 /* Build configuration list for PBXNativeTarget "Tegami" */ = {
			isa = XCConfigurationList;
			buildConfigurations = (
				DF287AB028E45F3E00EF9333 /* Debug */,
				DF287AB128E45F3E00EF9333 /* Release */,
			);
			defaultConfigurationIsVisible = 0;
			defaultConfigurationName = Release;
		};
		DF287AB228E45F3E00EF9333 /* Build configuration list for PBXNativeTarget "TegamiTests" */ = {
			isa = XCConfigurationList;
			buildConfigurations = (
				DF287AB328E45F3E00EF9333 /* Debug */,
				DF287AB428E45F3E00EF9333 /* Release */,
			);
			defaultConfigurationIsVisible = 0;
			defaultConfigurationName = Release;
		};
/* End XCConfigurationList section */

/* Begin XCRemoteSwiftPackageReference section */
		CEA415CE28F53734001705BC /* XCRemoteSwiftPackageReference "lottie-ios" */ = {
			isa = XCRemoteSwiftPackageReference;
			repositoryURL = "https://github.com/airbnb/lottie-ios.git";
			requirement = {
				kind = upToNextMajorVersion;
				minimumVersion = 3.0.0;
			};
		};
/* End XCRemoteSwiftPackageReference section */

/* Begin XCSwiftPackageProductDependency section */
		CEA415CF28F53734001705BC /* Lottie */ = {
			isa = XCSwiftPackageProductDependency;
			package = CEA415CE28F53734001705BC /* XCRemoteSwiftPackageReference "lottie-ios" */;
			productName = Lottie;
		};
/* End XCSwiftPackageProductDependency section */
	};
	rootObject = DF287A7D28E45F3D00EF9333 /* Project object */;
}
